// !$*UTF8*$!
{
	archiveVersion = 1;
	classes = {
	};
	objectVersion = 46;
	objects = {

/* Begin PBXBuildFile section */
		606A4299202005C400492433 /* ReadMe.md in Resources */ = {isa = PBXBuildFile; fileRef = 606A4298202005C400492433 /* ReadMe.md */; };
		606A42A42020FD4600492433 /* PBServerRequestBuilder.h in Headers */ = {isa = PBXBuildFile; fileRef = 606A42A22020FD4600492433 /* PBServerRequestBuilder.h */; settings = {ATTRIBUTES = (Public, ); }; };
		606A42A52020FD4600492433 /* PBServerRequestBuilder.m in Sources */ = {isa = PBXBuildFile; fileRef = 606A42A32020FD4600492433 /* PBServerRequestBuilder.m */; };
		606A42A62020FD4600492433 /* PBServerRequestBuilder.m in Sources */ = {isa = PBXBuildFile; fileRef = 606A42A32020FD4600492433 /* PBServerRequestBuilder.m */; };
		606A4353202BC98100492433 /* PrebidMobile-umbrella.h in Headers */ = {isa = PBXBuildFile; fileRef = 606A4352202BC98100492433 /* PrebidMobile-umbrella.h */; settings = {ATTRIBUTES = (Public, ); }; };
		60CEC02C2084DF3A00CA104B /* PBConstants.h in Headers */ = {isa = PBXBuildFile; fileRef = 60CEC02A2084DF3A00CA104B /* PBConstants.h */; };
		60CEC02D2084DF3A00CA104B /* PBConstants.m in Sources */ = {isa = PBXBuildFile; fileRef = 60CEC02B2084DF3A00CA104B /* PBConstants.m */; };
		B40B92AF1FCCC5E300A676A8 /* PBHost.h in Headers */ = {isa = PBXBuildFile; fileRef = B40B92AD1FCCC5E300A676A8 /* PBHost.h */; settings = {ATTRIBUTES = (Public, ); }; };
		B455F9011FE460E3005D6261 /* PBBidManager.h in Headers */ = {isa = PBXBuildFile; fileRef = C2B16E281EE1BEA6006304C0 /* PBBidManager.h */; settings = {ATTRIBUTES = (Public, ); }; };
		C210FE381FC3375D0010B588 /* PrebidCache.h in Headers */ = {isa = PBXBuildFile; fileRef = C210FE361FC3375D0010B588 /* PrebidCache.h */; };
		C210FE391FC3375D0010B588 /* PrebidCache.m in Sources */ = {isa = PBXBuildFile; fileRef = C210FE371FC3375D0010B588 /* PrebidCache.m */; };
		C22E7CE61EE70E19007B31F4 /* NSTimer+Extension.m in Sources */ = {isa = PBXBuildFile; fileRef = C2B16E501EE1BEC4006304C0 /* NSTimer+Extension.m */; };
		C23386D21EE5DBFB002FD404 /* PrebidMobile.h in Headers */ = {isa = PBXBuildFile; fileRef = C23386D01EE5DBFB002FD404 /* PrebidMobile.h */; settings = {ATTRIBUTES = (Public, ); }; };
		C23386D31EE5DBFB002FD404 /* PrebidMobile.m in Sources */ = {isa = PBXBuildFile; fileRef = C23386D11EE5DBFB002FD404 /* PrebidMobile.m */; };
		C23386D61EE5DC95002FD404 /* PBAdUnit.h in Headers */ = {isa = PBXBuildFile; fileRef = C23386D41EE5DC95002FD404 /* PBAdUnit.h */; settings = {ATTRIBUTES = (Public, ); }; };
		C23386D71EE5DC95002FD404 /* PBAdUnit.m in Sources */ = {isa = PBXBuildFile; fileRef = C23386D51EE5DC95002FD404 /* PBAdUnit.m */; };
		C23386DA1EE5DCDB002FD404 /* PBServerAdapter.h in Headers */ = {isa = PBXBuildFile; fileRef = C23386D81EE5DCDB002FD404 /* PBServerAdapter.h */; settings = {ATTRIBUTES = (Public, ); }; };
		C23386DB1EE5DCDB002FD404 /* PBServerAdapter.m in Sources */ = {isa = PBXBuildFile; fileRef = C23386D91EE5DCDB002FD404 /* PBServerAdapter.m */; };
		C23FCCEA1EE5E3F500CFFEF0 /* PBLogging.h in Headers */ = {isa = PBXBuildFile; fileRef = C23FCCE81EE5E3F500CFFEF0 /* PBLogging.h */; settings = {ATTRIBUTES = (Public, ); }; };
		C23FCCEB1EE5E3F500CFFEF0 /* PBLogging.m in Sources */ = {isa = PBXBuildFile; fileRef = C23FCCE91EE5E3F500CFFEF0 /* PBLogging.m */; };
		C23FCCEE1EE5E41E00CFFEF0 /* PBLogManager.h in Headers */ = {isa = PBXBuildFile; fileRef = C23FCCEC1EE5E41E00CFFEF0 /* PBLogManager.h */; settings = {ATTRIBUTES = (Public, ); }; };
		C23FCCEF1EE5E41E00CFFEF0 /* PBLogManager.m in Sources */ = {isa = PBXBuildFile; fileRef = C23FCCED1EE5E41E00CFFEF0 /* PBLogManager.m */; };
		C24B78C41EE7467E0045B454 /* NSObject+Prebid.h in Headers */ = {isa = PBXBuildFile; fileRef = C24B78C21EE7467E0045B454 /* NSObject+Prebid.h */; };
		C24B78C51EE7467E0045B454 /* NSObject+Prebid.m in Sources */ = {isa = PBXBuildFile; fileRef = C24B78C31EE7467E0045B454 /* NSObject+Prebid.m */; };
		C281E1811EE5EAF700F2F4A9 /* PrebidMobile.framework in Frameworks */ = {isa = PBXBuildFile; fileRef = C2B16E1B1EE1BE69006304C0 /* PrebidMobile.framework */; };
		C281E1991EE5F2AD00F2F4A9 /* PBAdUnitTests.m in Sources */ = {isa = PBXBuildFile; fileRef = C281E1941EE5F2AD00F2F4A9 /* PBAdUnitTests.m */; };
		C281E19A1EE5F2AD00F2F4A9 /* PBBidManagerTests.m in Sources */ = {isa = PBXBuildFile; fileRef = C281E1951EE5F2AD00F2F4A9 /* PBBidManagerTests.m */; };
		C281E19B1EE5F2AD00F2F4A9 /* PBBidResponseTests.m in Sources */ = {isa = PBXBuildFile; fileRef = C281E1961EE5F2AD00F2F4A9 /* PBBidResponseTests.m */; };
		C281E19D1EE5F2AD00F2F4A9 /* PBTargetingParamsTests.m in Sources */ = {isa = PBXBuildFile; fileRef = C281E1981EE5F2AD00F2F4A9 /* PBTargetingParamsTests.m */; };
		C281E1A91EE5F2DA00F2F4A9 /* pbs_request.json in Resources */ = {isa = PBXBuildFile; fileRef = C281E19F1EE5F2DA00F2F4A9 /* pbs_request.json */; };
		C281E1AA1EE5F2DA00F2F4A9 /* pbs_response.json in Resources */ = {isa = PBXBuildFile; fileRef = C281E1A01EE5F2DA00F2F4A9 /* pbs_response.json */; };
		C281E1AB1EE5F2DA00F2F4A9 /* PCKeywordsManagerPriceIntervals.txt in Resources */ = {isa = PBXBuildFile; fileRef = C281E1A11EE5F2DA00F2F4A9 /* PCKeywordsManagerPriceIntervals.txt */; };
		C281E1AC1EE5F2DA00F2F4A9 /* ANHTTPStubbingManager.m in Sources */ = {isa = PBXBuildFile; fileRef = C281E1A41EE5F2DA00F2F4A9 /* ANHTTPStubbingManager.m */; };
		C281E1AD1EE5F2DA00F2F4A9 /* ANHTTPStubURLProtocol.m in Sources */ = {isa = PBXBuildFile; fileRef = C281E1A61EE5F2DA00F2F4A9 /* ANHTTPStubURLProtocol.m */; };
		C281E1AE1EE5F2DA00F2F4A9 /* ANURLConnectionStub.m in Sources */ = {isa = PBXBuildFile; fileRef = C281E1A81EE5F2DA00F2F4A9 /* ANURLConnectionStub.m */; };
		C281E1B21EE5F2E500F2F4A9 /* PBMockServerAdapter.m in Sources */ = {isa = PBXBuildFile; fileRef = C281E1B11EE5F2E500F2F4A9 /* PBMockServerAdapter.m */; };
		C29238D91F3E38D100217075 /* PBServerAdapterTests.m in Sources */ = {isa = PBXBuildFile; fileRef = C29238D81F3E38D100217075 /* PBServerAdapterTests.m */; };
		C2B16E341EE1BEA6006304C0 /* PBBannerAdUnit.h in Headers */ = {isa = PBXBuildFile; fileRef = C2B16E261EE1BEA6006304C0 /* PBBannerAdUnit.h */; settings = {ATTRIBUTES = (Public, ); }; };
		C2B16E351EE1BEA6006304C0 /* PBBannerAdUnit.m in Sources */ = {isa = PBXBuildFile; fileRef = C2B16E271EE1BEA6006304C0 /* PBBannerAdUnit.m */; };
		C2B16E371EE1BEA6006304C0 /* PBBidManager.m in Sources */ = {isa = PBXBuildFile; fileRef = C2B16E291EE1BEA6006304C0 /* PBBidManager.m */; };
		C2B16E381EE1BEA6006304C0 /* PBBidResponseDelegate.h in Headers */ = {isa = PBXBuildFile; fileRef = C2B16E2A1EE1BEA6006304C0 /* PBBidResponseDelegate.h */; settings = {ATTRIBUTES = (Public, ); }; };
		C2B16E391EE1BEA6006304C0 /* PBException.h in Headers */ = {isa = PBXBuildFile; fileRef = C2B16E2B1EE1BEA6006304C0 /* PBException.h */; settings = {ATTRIBUTES = (Public, ); }; };
		C2B16E3A1EE1BEA6006304C0 /* PBException.m in Sources */ = {isa = PBXBuildFile; fileRef = C2B16E2C1EE1BEA6006304C0 /* PBException.m */; };
		C2B16E3B1EE1BEA6006304C0 /* PBInterstitialAdUnit.h in Headers */ = {isa = PBXBuildFile; fileRef = C2B16E2D1EE1BEA6006304C0 /* PBInterstitialAdUnit.h */; settings = {ATTRIBUTES = (Public, ); }; };
		C2B16E3C1EE1BEA6006304C0 /* PBInterstitialAdUnit.m in Sources */ = {isa = PBXBuildFile; fileRef = C2B16E2E1EE1BEA6006304C0 /* PBInterstitialAdUnit.m */; };
		C2B16E3D1EE1BEA6006304C0 /* PBKeywordsManager.h in Headers */ = {isa = PBXBuildFile; fileRef = C2B16E2F1EE1BEA6006304C0 /* PBKeywordsManager.h */; settings = {ATTRIBUTES = (Public, ); }; };
		C2B16E3E1EE1BEA6006304C0 /* PBKeywordsManager.m in Sources */ = {isa = PBXBuildFile; fileRef = C2B16E301EE1BEA6006304C0 /* PBKeywordsManager.m */; };
		C2B16E3F1EE1BEA6006304C0 /* PBTargetingParams.h in Headers */ = {isa = PBXBuildFile; fileRef = C2B16E311EE1BEA6006304C0 /* PBTargetingParams.h */; settings = {ATTRIBUTES = (Public, ); }; };
		C2B16E401EE1BEA6006304C0 /* PBTargetingParams.m in Sources */ = {isa = PBXBuildFile; fileRef = C2B16E321EE1BEA6006304C0 /* PBTargetingParams.m */; };
		C2B16E481EE1BEB6006304C0 /* PBBidResponse.h in Headers */ = {isa = PBXBuildFile; fileRef = C2B16E441EE1BEB6006304C0 /* PBBidResponse.h */; settings = {ATTRIBUTES = (Public, ); }; };
		C2B16E491EE1BEB6006304C0 /* PBBidResponse.m in Sources */ = {isa = PBXBuildFile; fileRef = C2B16E451EE1BEB6006304C0 /* PBBidResponse.m */; };
		C2B16E561EE1BEC4006304C0 /* NSDictionary+Extension.m in Sources */ = {isa = PBXBuildFile; fileRef = C2B16E4C1EE1BEC4006304C0 /* NSDictionary+Extension.m */; };
		C2B16E581EE1BEC4006304C0 /* NSString+Extension.m in Sources */ = {isa = PBXBuildFile; fileRef = C2B16E4E1EE1BEC4006304C0 /* NSString+Extension.m */; };
		C2B16E981EE1BF1A006304C0 /* PBServerFetcher.h in Headers */ = {isa = PBXBuildFile; fileRef = C2B16E8C1EE1BF1A006304C0 /* PBServerFetcher.h */; };
		C2B16E991EE1BF1A006304C0 /* PBServerFetcher.m in Sources */ = {isa = PBXBuildFile; fileRef = C2B16E8D1EE1BF1A006304C0 /* PBServerFetcher.m */; };
		C2B16E9B1EE1BF1A006304C0 /* PBServerGlobal.h in Headers */ = {isa = PBXBuildFile; fileRef = C2B16E8F1EE1BF1A006304C0 /* PBServerGlobal.h */; };
		C2B16E9C1EE1BF1A006304C0 /* PBServerGlobal.m in Sources */ = {isa = PBXBuildFile; fileRef = C2B16E901EE1BF1A006304C0 /* PBServerGlobal.m */; };
		C2B16E9D1EE1BF1A006304C0 /* PBServerLocation.h in Headers */ = {isa = PBXBuildFile; fileRef = C2B16E911EE1BF1A006304C0 /* PBServerLocation.h */; };
		C2B16E9E1EE1BF1A006304C0 /* PBServerLocation.m in Sources */ = {isa = PBXBuildFile; fileRef = C2B16E921EE1BF1A006304C0 /* PBServerLocation.m */; };
		C2B16E9F1EE1BF1A006304C0 /* PBServerReachability.h in Headers */ = {isa = PBXBuildFile; fileRef = C2B16E931EE1BF1A006304C0 /* PBServerReachability.h */; };
		C2B16EA01EE1BF1A006304C0 /* PBServerReachability.m in Sources */ = {isa = PBXBuildFile; fileRef = C2B16E941EE1BF1A006304C0 /* PBServerReachability.m */; };
		C2B174711EE1E3AC006304C0 /* CoreGraphics.framework in Frameworks */ = {isa = PBXBuildFile; fileRef = C2B1746D1EE1E3AC006304C0 /* CoreGraphics.framework */; };
		C2B174721EE1E3AC006304C0 /* CoreLocation.framework in Frameworks */ = {isa = PBXBuildFile; fileRef = C2B1746E1EE1E3AC006304C0 /* CoreLocation.framework */; };
		C2B174731EE1E3AC006304C0 /* CoreMedia.framework in Frameworks */ = {isa = PBXBuildFile; fileRef = C2B1746F1EE1E3AC006304C0 /* CoreMedia.framework */; };
		C2B174741EE1E3AC006304C0 /* CoreTelephony.framework in Frameworks */ = {isa = PBXBuildFile; fileRef = C2B174701EE1E3AC006304C0 /* CoreTelephony.framework */; };
		C2B174761EE1E3B6006304C0 /* Foundation.framework in Frameworks */ = {isa = PBXBuildFile; fileRef = C2B174751EE1E3B6006304C0 /* Foundation.framework */; };
		C2B174781EE1E3BC006304C0 /* MediaPlayer.framework in Frameworks */ = {isa = PBXBuildFile; fileRef = C2B174771EE1E3BC006304C0 /* MediaPlayer.framework */; };
		C2B1747A1EE1E3C3006304C0 /* UIKit.framework in Frameworks */ = {isa = PBXBuildFile; fileRef = C2B174791EE1E3C3006304C0 /* UIKit.framework */; };
		C2B1747C1EE1E3C9006304C0 /* SystemConfiguration.framework in Frameworks */ = {isa = PBXBuildFile; fileRef = C2B1747B1EE1E3C9006304C0 /* SystemConfiguration.framework */; };
		C2B1747E1EE1E3CE006304C0 /* QuartzCore.framework in Frameworks */ = {isa = PBXBuildFile; fileRef = C2B1747D1EE1E3CE006304C0 /* QuartzCore.framework */; };
		F576AEF420D1B1FF00D41FBC /* PBPrebidCacheTests.m in Sources */ = {isa = PBXBuildFile; fileRef = F576AEF320D1B1FF00D41FBC /* PBPrebidCacheTests.m */; };
/* End PBXBuildFile section */

/* Begin PBXContainerItemProxy section */
		C281E1821EE5EAF700F2F4A9 /* PBXContainerItemProxy */ = {
			isa = PBXContainerItemProxy;
			containerPortal = C2B16E121EE1BE69006304C0 /* Project object */;
			proxyType = 1;
			remoteGlobalIDString = C2B16E1A1EE1BE69006304C0;
			remoteInfo = PrebidMobile;
		};
/* End PBXContainerItemProxy section */

/* Begin PBXFileReference section */
		606A4298202005C400492433 /* ReadMe.md */ = {isa = PBXFileReference; lastKnownFileType = net.daringfireball.markdown; path = ReadMe.md; sourceTree = "<group>"; };
		606A42A22020FD4600492433 /* PBServerRequestBuilder.h */ = {isa = PBXFileReference; lastKnownFileType = sourcecode.c.h; path = PBServerRequestBuilder.h; sourceTree = "<group>"; };
		606A42A32020FD4600492433 /* PBServerRequestBuilder.m */ = {isa = PBXFileReference; lastKnownFileType = sourcecode.c.objc; path = PBServerRequestBuilder.m; sourceTree = "<group>"; };
		606A4352202BC98100492433 /* PrebidMobile-umbrella.h */ = {isa = PBXFileReference; fileEncoding = 4; lastKnownFileType = sourcecode.c.h; path = "PrebidMobile-umbrella.h"; sourceTree = "<group>"; };
		60CEC02A2084DF3A00CA104B /* PBConstants.h */ = {isa = PBXFileReference; lastKnownFileType = sourcecode.c.h; path = PBConstants.h; sourceTree = "<group>"; };
		60CEC02B2084DF3A00CA104B /* PBConstants.m */ = {isa = PBXFileReference; lastKnownFileType = sourcecode.c.objc; path = PBConstants.m; sourceTree = "<group>"; };
		B40B92AD1FCCC5E300A676A8 /* PBHost.h */ = {isa = PBXFileReference; lastKnownFileType = sourcecode.c.h; path = PBHost.h; sourceTree = "<group>"; };
		C210FE361FC3375D0010B588 /* PrebidCache.h */ = {isa = PBXFileReference; lastKnownFileType = sourcecode.c.h; path = PrebidCache.h; sourceTree = "<group>"; };
		C210FE371FC3375D0010B588 /* PrebidCache.m */ = {isa = PBXFileReference; lastKnownFileType = sourcecode.c.objc; path = PrebidCache.m; sourceTree = "<group>"; };
		C23386D01EE5DBFB002FD404 /* PrebidMobile.h */ = {isa = PBXFileReference; fileEncoding = 4; lastKnownFileType = sourcecode.c.h; path = PrebidMobile.h; sourceTree = "<group>"; };
		C23386D11EE5DBFB002FD404 /* PrebidMobile.m */ = {isa = PBXFileReference; fileEncoding = 4; lastKnownFileType = sourcecode.c.objc; path = PrebidMobile.m; sourceTree = "<group>"; };
		C23386D41EE5DC95002FD404 /* PBAdUnit.h */ = {isa = PBXFileReference; fileEncoding = 4; lastKnownFileType = sourcecode.c.h; path = PBAdUnit.h; sourceTree = "<group>"; };
		C23386D51EE5DC95002FD404 /* PBAdUnit.m */ = {isa = PBXFileReference; fileEncoding = 4; lastKnownFileType = sourcecode.c.objc; path = PBAdUnit.m; sourceTree = "<group>"; };
		C23386D81EE5DCDB002FD404 /* PBServerAdapter.h */ = {isa = PBXFileReference; fileEncoding = 4; lastKnownFileType = sourcecode.c.h; path = PBServerAdapter.h; sourceTree = "<group>"; };
		C23386D91EE5DCDB002FD404 /* PBServerAdapter.m */ = {isa = PBXFileReference; fileEncoding = 4; lastKnownFileType = sourcecode.c.objc; path = PBServerAdapter.m; sourceTree = "<group>"; };
		C23FCCE81EE5E3F500CFFEF0 /* PBLogging.h */ = {isa = PBXFileReference; fileEncoding = 4; lastKnownFileType = sourcecode.c.h; path = PBLogging.h; sourceTree = "<group>"; };
		C23FCCE91EE5E3F500CFFEF0 /* PBLogging.m */ = {isa = PBXFileReference; fileEncoding = 4; lastKnownFileType = sourcecode.c.objc; path = PBLogging.m; sourceTree = "<group>"; };
		C23FCCEC1EE5E41E00CFFEF0 /* PBLogManager.h */ = {isa = PBXFileReference; fileEncoding = 4; lastKnownFileType = sourcecode.c.h; path = PBLogManager.h; sourceTree = "<group>"; };
		C23FCCED1EE5E41E00CFFEF0 /* PBLogManager.m */ = {isa = PBXFileReference; fileEncoding = 4; lastKnownFileType = sourcecode.c.objc; path = PBLogManager.m; sourceTree = "<group>"; };
		C23FCD501EE5EA6D00CFFEF0 /* XCTest.framework */ = {isa = PBXFileReference; lastKnownFileType = wrapper.framework; name = XCTest.framework; path = Platforms/iPhoneOS.platform/Developer/Library/Frameworks/XCTest.framework; sourceTree = DEVELOPER_DIR; };
		C24B78C21EE7467E0045B454 /* NSObject+Prebid.h */ = {isa = PBXFileReference; fileEncoding = 4; lastKnownFileType = sourcecode.c.h; path = "NSObject+Prebid.h"; sourceTree = "<group>"; };
		C24B78C31EE7467E0045B454 /* NSObject+Prebid.m */ = {isa = PBXFileReference; fileEncoding = 4; lastKnownFileType = sourcecode.c.objc; path = "NSObject+Prebid.m"; sourceTree = "<group>"; };
		C281E17C1EE5EAF700F2F4A9 /* PrebidMobileTests.xctest */ = {isa = PBXFileReference; explicitFileType = wrapper.cfbundle; includeInIndex = 0; path = PrebidMobileTests.xctest; sourceTree = BUILT_PRODUCTS_DIR; };
		C281E1941EE5F2AD00F2F4A9 /* PBAdUnitTests.m */ = {isa = PBXFileReference; fileEncoding = 4; lastKnownFileType = sourcecode.c.objc; path = PBAdUnitTests.m; sourceTree = "<group>"; };
		C281E1951EE5F2AD00F2F4A9 /* PBBidManagerTests.m */ = {isa = PBXFileReference; fileEncoding = 4; lastKnownFileType = sourcecode.c.objc; path = PBBidManagerTests.m; sourceTree = "<group>"; };
		C281E1961EE5F2AD00F2F4A9 /* PBBidResponseTests.m */ = {isa = PBXFileReference; fileEncoding = 4; lastKnownFileType = sourcecode.c.objc; path = PBBidResponseTests.m; sourceTree = "<group>"; };
		C281E1981EE5F2AD00F2F4A9 /* PBTargetingParamsTests.m */ = {isa = PBXFileReference; fileEncoding = 4; lastKnownFileType = sourcecode.c.objc; path = PBTargetingParamsTests.m; sourceTree = "<group>"; };
		C281E19F1EE5F2DA00F2F4A9 /* pbs_request.json */ = {isa = PBXFileReference; fileEncoding = 4; lastKnownFileType = text.json; path = pbs_request.json; sourceTree = "<group>"; };
		C281E1A01EE5F2DA00F2F4A9 /* pbs_response.json */ = {isa = PBXFileReference; fileEncoding = 4; lastKnownFileType = text.json; path = pbs_response.json; sourceTree = "<group>"; };
		C281E1A11EE5F2DA00F2F4A9 /* PCKeywordsManagerPriceIntervals.txt */ = {isa = PBXFileReference; fileEncoding = 4; lastKnownFileType = text; path = PCKeywordsManagerPriceIntervals.txt; sourceTree = "<group>"; };
		C281E1A31EE5F2DA00F2F4A9 /* ANHTTPStubbingManager.h */ = {isa = PBXFileReference; fileEncoding = 4; lastKnownFileType = sourcecode.c.h; path = ANHTTPStubbingManager.h; sourceTree = "<group>"; };
		C281E1A41EE5F2DA00F2F4A9 /* ANHTTPStubbingManager.m */ = {isa = PBXFileReference; fileEncoding = 4; lastKnownFileType = sourcecode.c.objc; path = ANHTTPStubbingManager.m; sourceTree = "<group>"; };
		C281E1A51EE5F2DA00F2F4A9 /* ANHTTPStubURLProtocol.h */ = {isa = PBXFileReference; fileEncoding = 4; lastKnownFileType = sourcecode.c.h; path = ANHTTPStubURLProtocol.h; sourceTree = "<group>"; };
		C281E1A61EE5F2DA00F2F4A9 /* ANHTTPStubURLProtocol.m */ = {isa = PBXFileReference; fileEncoding = 4; lastKnownFileType = sourcecode.c.objc; path = ANHTTPStubURLProtocol.m; sourceTree = "<group>"; };
		C281E1A71EE5F2DA00F2F4A9 /* ANURLConnectionStub.h */ = {isa = PBXFileReference; fileEncoding = 4; lastKnownFileType = sourcecode.c.h; path = ANURLConnectionStub.h; sourceTree = "<group>"; };
		C281E1A81EE5F2DA00F2F4A9 /* ANURLConnectionStub.m */ = {isa = PBXFileReference; fileEncoding = 4; lastKnownFileType = sourcecode.c.objc; path = ANURLConnectionStub.m; sourceTree = "<group>"; };
		C281E1B01EE5F2E500F2F4A9 /* PBMockServerAdapter.h */ = {isa = PBXFileReference; fileEncoding = 4; lastKnownFileType = sourcecode.c.h; path = PBMockServerAdapter.h; sourceTree = "<group>"; };
		C281E1B11EE5F2E500F2F4A9 /* PBMockServerAdapter.m */ = {isa = PBXFileReference; fileEncoding = 4; lastKnownFileType = sourcecode.c.objc; path = PBMockServerAdapter.m; sourceTree = "<group>"; };
		C29238D81F3E38D100217075 /* PBServerAdapterTests.m */ = {isa = PBXFileReference; fileEncoding = 4; lastKnownFileType = sourcecode.c.objc; path = PBServerAdapterTests.m; sourceTree = "<group>"; };
		C2B16E1B1EE1BE69006304C0 /* PrebidMobile.framework */ = {isa = PBXFileReference; explicitFileType = wrapper.framework; includeInIndex = 0; path = PrebidMobile.framework; sourceTree = BUILT_PRODUCTS_DIR; };
		C2B16E1F1EE1BE69006304C0 /* Info.plist */ = {isa = PBXFileReference; lastKnownFileType = text.plist.xml; path = Info.plist; sourceTree = "<group>"; };
		C2B16E261EE1BEA6006304C0 /* PBBannerAdUnit.h */ = {isa = PBXFileReference; fileEncoding = 4; lastKnownFileType = sourcecode.c.h; path = PBBannerAdUnit.h; sourceTree = "<group>"; };
		C2B16E271EE1BEA6006304C0 /* PBBannerAdUnit.m */ = {isa = PBXFileReference; fileEncoding = 4; lastKnownFileType = sourcecode.c.objc; path = PBBannerAdUnit.m; sourceTree = "<group>"; };
		C2B16E281EE1BEA6006304C0 /* PBBidManager.h */ = {isa = PBXFileReference; fileEncoding = 4; lastKnownFileType = sourcecode.c.h; path = PBBidManager.h; sourceTree = "<group>"; };
		C2B16E291EE1BEA6006304C0 /* PBBidManager.m */ = {isa = PBXFileReference; fileEncoding = 4; lastKnownFileType = sourcecode.c.objc; path = PBBidManager.m; sourceTree = "<group>"; };
		C2B16E2A1EE1BEA6006304C0 /* PBBidResponseDelegate.h */ = {isa = PBXFileReference; fileEncoding = 4; lastKnownFileType = sourcecode.c.h; path = PBBidResponseDelegate.h; sourceTree = "<group>"; };
		C2B16E2B1EE1BEA6006304C0 /* PBException.h */ = {isa = PBXFileReference; fileEncoding = 4; lastKnownFileType = sourcecode.c.h; path = PBException.h; sourceTree = "<group>"; };
		C2B16E2C1EE1BEA6006304C0 /* PBException.m */ = {isa = PBXFileReference; fileEncoding = 4; lastKnownFileType = sourcecode.c.objc; path = PBException.m; sourceTree = "<group>"; };
		C2B16E2D1EE1BEA6006304C0 /* PBInterstitialAdUnit.h */ = {isa = PBXFileReference; fileEncoding = 4; lastKnownFileType = sourcecode.c.h; path = PBInterstitialAdUnit.h; sourceTree = "<group>"; };
		C2B16E2E1EE1BEA6006304C0 /* PBInterstitialAdUnit.m */ = {isa = PBXFileReference; fileEncoding = 4; lastKnownFileType = sourcecode.c.objc; path = PBInterstitialAdUnit.m; sourceTree = "<group>"; };
		C2B16E2F1EE1BEA6006304C0 /* PBKeywordsManager.h */ = {isa = PBXFileReference; fileEncoding = 4; lastKnownFileType = sourcecode.c.h; path = PBKeywordsManager.h; sourceTree = "<group>"; };
		C2B16E301EE1BEA6006304C0 /* PBKeywordsManager.m */ = {isa = PBXFileReference; fileEncoding = 4; lastKnownFileType = sourcecode.c.objc; path = PBKeywordsManager.m; sourceTree = "<group>"; };
		C2B16E311EE1BEA6006304C0 /* PBTargetingParams.h */ = {isa = PBXFileReference; fileEncoding = 4; lastKnownFileType = sourcecode.c.h; path = PBTargetingParams.h; sourceTree = "<group>"; };
		C2B16E321EE1BEA6006304C0 /* PBTargetingParams.m */ = {isa = PBXFileReference; fileEncoding = 4; lastKnownFileType = sourcecode.c.objc; path = PBTargetingParams.m; sourceTree = "<group>"; };
		C2B16E441EE1BEB6006304C0 /* PBBidResponse.h */ = {isa = PBXFileReference; fileEncoding = 4; lastKnownFileType = sourcecode.c.h; path = PBBidResponse.h; sourceTree = "<group>"; };
		C2B16E451EE1BEB6006304C0 /* PBBidResponse.m */ = {isa = PBXFileReference; fileEncoding = 4; lastKnownFileType = sourcecode.c.objc; path = PBBidResponse.m; sourceTree = "<group>"; };
		C2B16E4B1EE1BEC4006304C0 /* NSDictionary+Extension.h */ = {isa = PBXFileReference; fileEncoding = 4; lastKnownFileType = sourcecode.c.h; path = "NSDictionary+Extension.h"; sourceTree = "<group>"; };
		C2B16E4C1EE1BEC4006304C0 /* NSDictionary+Extension.m */ = {isa = PBXFileReference; fileEncoding = 4; lastKnownFileType = sourcecode.c.objc; path = "NSDictionary+Extension.m"; sourceTree = "<group>"; };
		C2B16E4D1EE1BEC4006304C0 /* NSString+Extension.h */ = {isa = PBXFileReference; fileEncoding = 4; lastKnownFileType = sourcecode.c.h; path = "NSString+Extension.h"; sourceTree = "<group>"; };
		C2B16E4E1EE1BEC4006304C0 /* NSString+Extension.m */ = {isa = PBXFileReference; fileEncoding = 4; lastKnownFileType = sourcecode.c.objc; path = "NSString+Extension.m"; sourceTree = "<group>"; };
		C2B16E4F1EE1BEC4006304C0 /* NSTimer+Extension.h */ = {isa = PBXFileReference; fileEncoding = 4; lastKnownFileType = sourcecode.c.h; path = "NSTimer+Extension.h"; sourceTree = "<group>"; };
		C2B16E501EE1BEC4006304C0 /* NSTimer+Extension.m */ = {isa = PBXFileReference; fileEncoding = 4; lastKnownFileType = sourcecode.c.objc; path = "NSTimer+Extension.m"; sourceTree = "<group>"; };
		C2B16E8C1EE1BF1A006304C0 /* PBServerFetcher.h */ = {isa = PBXFileReference; fileEncoding = 4; lastKnownFileType = sourcecode.c.h; path = PBServerFetcher.h; sourceTree = "<group>"; };
		C2B16E8D1EE1BF1A006304C0 /* PBServerFetcher.m */ = {isa = PBXFileReference; fileEncoding = 4; lastKnownFileType = sourcecode.c.objc; path = PBServerFetcher.m; sourceTree = "<group>"; };
		C2B16E8F1EE1BF1A006304C0 /* PBServerGlobal.h */ = {isa = PBXFileReference; fileEncoding = 4; lastKnownFileType = sourcecode.c.h; path = PBServerGlobal.h; sourceTree = "<group>"; };
		C2B16E901EE1BF1A006304C0 /* PBServerGlobal.m */ = {isa = PBXFileReference; fileEncoding = 4; lastKnownFileType = sourcecode.c.objc; path = PBServerGlobal.m; sourceTree = "<group>"; };
		C2B16E911EE1BF1A006304C0 /* PBServerLocation.h */ = {isa = PBXFileReference; fileEncoding = 4; lastKnownFileType = sourcecode.c.h; path = PBServerLocation.h; sourceTree = "<group>"; };
		C2B16E921EE1BF1A006304C0 /* PBServerLocation.m */ = {isa = PBXFileReference; fileEncoding = 4; lastKnownFileType = sourcecode.c.objc; path = PBServerLocation.m; sourceTree = "<group>"; };
		C2B16E931EE1BF1A006304C0 /* PBServerReachability.h */ = {isa = PBXFileReference; fileEncoding = 4; lastKnownFileType = sourcecode.c.h; path = PBServerReachability.h; sourceTree = "<group>"; };
		C2B16E941EE1BF1A006304C0 /* PBServerReachability.m */ = {isa = PBXFileReference; fileEncoding = 4; lastKnownFileType = sourcecode.c.objc; path = PBServerReachability.m; sourceTree = "<group>"; };
		C2B1746D1EE1E3AC006304C0 /* CoreGraphics.framework */ = {isa = PBXFileReference; lastKnownFileType = wrapper.framework; name = CoreGraphics.framework; path = System/Library/Frameworks/CoreGraphics.framework; sourceTree = SDKROOT; };
		C2B1746E1EE1E3AC006304C0 /* CoreLocation.framework */ = {isa = PBXFileReference; lastKnownFileType = wrapper.framework; name = CoreLocation.framework; path = System/Library/Frameworks/CoreLocation.framework; sourceTree = SDKROOT; };
		C2B1746F1EE1E3AC006304C0 /* CoreMedia.framework */ = {isa = PBXFileReference; lastKnownFileType = wrapper.framework; name = CoreMedia.framework; path = System/Library/Frameworks/CoreMedia.framework; sourceTree = SDKROOT; };
		C2B174701EE1E3AC006304C0 /* CoreTelephony.framework */ = {isa = PBXFileReference; lastKnownFileType = wrapper.framework; name = CoreTelephony.framework; path = System/Library/Frameworks/CoreTelephony.framework; sourceTree = SDKROOT; };
		C2B174751EE1E3B6006304C0 /* Foundation.framework */ = {isa = PBXFileReference; lastKnownFileType = wrapper.framework; name = Foundation.framework; path = System/Library/Frameworks/Foundation.framework; sourceTree = SDKROOT; };
		C2B174771EE1E3BC006304C0 /* MediaPlayer.framework */ = {isa = PBXFileReference; lastKnownFileType = wrapper.framework; name = MediaPlayer.framework; path = System/Library/Frameworks/MediaPlayer.framework; sourceTree = SDKROOT; };
		C2B174791EE1E3C3006304C0 /* UIKit.framework */ = {isa = PBXFileReference; lastKnownFileType = wrapper.framework; name = UIKit.framework; path = System/Library/Frameworks/UIKit.framework; sourceTree = SDKROOT; };
		C2B1747B1EE1E3C9006304C0 /* SystemConfiguration.framework */ = {isa = PBXFileReference; lastKnownFileType = wrapper.framework; name = SystemConfiguration.framework; path = System/Library/Frameworks/SystemConfiguration.framework; sourceTree = SDKROOT; };
		C2B1747D1EE1E3CE006304C0 /* QuartzCore.framework */ = {isa = PBXFileReference; lastKnownFileType = wrapper.framework; name = QuartzCore.framework; path = System/Library/Frameworks/QuartzCore.framework; sourceTree = SDKROOT; };
		E6BF995E1F7167B0001016FD /* PrebidMobile-umbrella.h */ = {isa = PBXFileReference; lastKnownFileType = sourcecode.c.h; path = "PrebidMobile-umbrella.h"; sourceTree = "<group>"; };
		EFD3C940519B957467FE94E6 /* libPods-PrebidMobile.a */ = {isa = PBXFileReference; explicitFileType = archive.ar; includeInIndex = 0; path = "libPods-PrebidMobile.a"; sourceTree = BUILT_PRODUCTS_DIR; };
		F576AEF320D1B1FF00D41FBC /* PBPrebidCacheTests.m */ = {isa = PBXFileReference; lastKnownFileType = sourcecode.c.objc; path = PBPrebidCacheTests.m; sourceTree = "<group>"; };
/* End PBXFileReference section */

/* Begin PBXFrameworksBuildPhase section */
		C281E1791EE5EAF700F2F4A9 /* Frameworks */ = {
			isa = PBXFrameworksBuildPhase;
			buildActionMask = 2147483647;
			files = (
				C281E1811EE5EAF700F2F4A9 /* PrebidMobile.framework in Frameworks */,
			);
			runOnlyForDeploymentPostprocessing = 0;
		};
		C2B16E171EE1BE69006304C0 /* Frameworks */ = {
			isa = PBXFrameworksBuildPhase;
			buildActionMask = 2147483647;
			files = (
				C2B1747E1EE1E3CE006304C0 /* QuartzCore.framework in Frameworks */,
				C2B1747C1EE1E3C9006304C0 /* SystemConfiguration.framework in Frameworks */,
				C2B1747A1EE1E3C3006304C0 /* UIKit.framework in Frameworks */,
				C2B174781EE1E3BC006304C0 /* MediaPlayer.framework in Frameworks */,
				C2B174761EE1E3B6006304C0 /* Foundation.framework in Frameworks */,
				C2B174711EE1E3AC006304C0 /* CoreGraphics.framework in Frameworks */,
				C2B174721EE1E3AC006304C0 /* CoreLocation.framework in Frameworks */,
				C2B174731EE1E3AC006304C0 /* CoreMedia.framework in Frameworks */,
				C2B174741EE1E3AC006304C0 /* CoreTelephony.framework in Frameworks */,
			);
			runOnlyForDeploymentPostprocessing = 0;
		};
/* End PBXFrameworksBuildPhase section */

/* Begin PBXGroup section */
		606A4351202BC90800492433 /* Recovered References */ = {
			isa = PBXGroup;
			children = (
				E6BF995E1F7167B0001016FD /* PrebidMobile-umbrella.h */,
			);
			name = "Recovered References";
			sourceTree = "<group>";
		};
		C281E17D1EE5EAF700F2F4A9 /* PrebidMobileTests */ = {
			isa = PBXGroup;
			children = (
				C281E1931EE5F2AD00F2F4A9 /* PrebidMobileCoreTests */,
				C281E1AF1EE5F2E500F2F4A9 /* MockObjects */,
				C281E19E1EE5F2DA00F2F4A9 /* Resources */,
				C281E1A21EE5F2DA00F2F4A9 /* Stubbing */,
			);
			path = PrebidMobileTests;
			sourceTree = "<group>";
		};
		C281E1931EE5F2AD00F2F4A9 /* PrebidMobileCoreTests */ = {
			isa = PBXGroup;
			children = (
				C281E1941EE5F2AD00F2F4A9 /* PBAdUnitTests.m */,
				C281E1951EE5F2AD00F2F4A9 /* PBBidManagerTests.m */,
				C281E1961EE5F2AD00F2F4A9 /* PBBidResponseTests.m */,
				C281E1981EE5F2AD00F2F4A9 /* PBTargetingParamsTests.m */,
				C29238D81F3E38D100217075 /* PBServerAdapterTests.m */,
				F576AEF320D1B1FF00D41FBC /* PBPrebidCacheTests.m */,
			);
			path = PrebidMobileCoreTests;
			sourceTree = "<group>";
		};
		C281E19E1EE5F2DA00F2F4A9 /* Resources */ = {
			isa = PBXGroup;
			children = (
				C281E19F1EE5F2DA00F2F4A9 /* pbs_request.json */,
				C281E1A01EE5F2DA00F2F4A9 /* pbs_response.json */,
				C281E1A11EE5F2DA00F2F4A9 /* PCKeywordsManagerPriceIntervals.txt */,
			);
			path = Resources;
			sourceTree = "<group>";
		};
		C281E1A21EE5F2DA00F2F4A9 /* Stubbing */ = {
			isa = PBXGroup;
			children = (
				C281E1A31EE5F2DA00F2F4A9 /* ANHTTPStubbingManager.h */,
				C281E1A41EE5F2DA00F2F4A9 /* ANHTTPStubbingManager.m */,
				C281E1A51EE5F2DA00F2F4A9 /* ANHTTPStubURLProtocol.h */,
				C281E1A61EE5F2DA00F2F4A9 /* ANHTTPStubURLProtocol.m */,
				C281E1A71EE5F2DA00F2F4A9 /* ANURLConnectionStub.h */,
				C281E1A81EE5F2DA00F2F4A9 /* ANURLConnectionStub.m */,
			);
			path = Stubbing;
			sourceTree = "<group>";
		};
		C281E1AF1EE5F2E500F2F4A9 /* MockObjects */ = {
			isa = PBXGroup;
			children = (
				C281E1B01EE5F2E500F2F4A9 /* PBMockServerAdapter.h */,
				C281E1B11EE5F2E500F2F4A9 /* PBMockServerAdapter.m */,
			);
			path = MockObjects;
			sourceTree = "<group>";
		};
		C2B16E111EE1BE69006304C0 = {
			isa = PBXGroup;
			children = (
				C2B16E1D1EE1BE69006304C0 /* PrebidMobile */,
				C2B16E881EE1BF1A006304C0 /* PrebidServerAdapter */,
				C281E17D1EE5EAF700F2F4A9 /* PrebidMobileTests */,
				C2B16EA21EE1BF8A006304C0 /* Frameworks */,
				C2B16E1C1EE1BE69006304C0 /* Products */,
				606A4351202BC90800492433 /* Recovered References */,
			);
			sourceTree = "<group>";
		};
		C2B16E1C1EE1BE69006304C0 /* Products */ = {
			isa = PBXGroup;
			children = (
				C2B16E1B1EE1BE69006304C0 /* PrebidMobile.framework */,
				C281E17C1EE5EAF700F2F4A9 /* PrebidMobileTests.xctest */,
			);
			name = Products;
			sourceTree = "<group>";
		};
		C2B16E1D1EE1BE69006304C0 /* PrebidMobile */ = {
			isa = PBXGroup;
			children = (
				60CEC02A2084DF3A00CA104B /* PBConstants.h */,
				60CEC02B2084DF3A00CA104B /* PBConstants.m */,
				606A4352202BC98100492433 /* PrebidMobile-umbrella.h */,
				C2B16E4A1EE1BEC4006304C0 /* Categories */,
				C2B16E5F1EE1BECA006304C0 /* Logging */,
				C2B16E1F1EE1BE69006304C0 /* Info.plist */,
				C23386D41EE5DC95002FD404 /* PBAdUnit.h */,
				C23386D51EE5DC95002FD404 /* PBAdUnit.m */,
				C2B16E261EE1BEA6006304C0 /* PBBannerAdUnit.h */,
				C2B16E271EE1BEA6006304C0 /* PBBannerAdUnit.m */,
				C2B16E281EE1BEA6006304C0 /* PBBidManager.h */,
				C2B16E291EE1BEA6006304C0 /* PBBidManager.m */,
				C2B16E441EE1BEB6006304C0 /* PBBidResponse.h */,
				C2B16E451EE1BEB6006304C0 /* PBBidResponse.m */,
				C2B16E2A1EE1BEA6006304C0 /* PBBidResponseDelegate.h */,
				C2B16E2B1EE1BEA6006304C0 /* PBException.h */,
				C2B16E2C1EE1BEA6006304C0 /* PBException.m */,
				C2B16E2D1EE1BEA6006304C0 /* PBInterstitialAdUnit.h */,
				C2B16E2E1EE1BEA6006304C0 /* PBInterstitialAdUnit.m */,
				C2B16E2F1EE1BEA6006304C0 /* PBKeywordsManager.h */,
				C2B16E301EE1BEA6006304C0 /* PBKeywordsManager.m */,
				C2B16E311EE1BEA6006304C0 /* PBTargetingParams.h */,
				C2B16E321EE1BEA6006304C0 /* PBTargetingParams.m */,
				B40B92AD1FCCC5E300A676A8 /* PBHost.h */,
				C23386D01EE5DBFB002FD404 /* PrebidMobile.h */,
				C23386D11EE5DBFB002FD404 /* PrebidMobile.m */,
				C210FE361FC3375D0010B588 /* PrebidCache.h */,
				C210FE371FC3375D0010B588 /* PrebidCache.m */,
			);
			path = PrebidMobile;
			sourceTree = "<group>";
		};
		C2B16E4A1EE1BEC4006304C0 /* Categories */ = {
			isa = PBXGroup;
			children = (
				C2B16E4B1EE1BEC4006304C0 /* NSDictionary+Extension.h */,
				C2B16E4C1EE1BEC4006304C0 /* NSDictionary+Extension.m */,
				C2B16E4D1EE1BEC4006304C0 /* NSString+Extension.h */,
				C2B16E4E1EE1BEC4006304C0 /* NSString+Extension.m */,
				C2B16E4F1EE1BEC4006304C0 /* NSTimer+Extension.h */,
				C2B16E501EE1BEC4006304C0 /* NSTimer+Extension.m */,
				C24B78C21EE7467E0045B454 /* NSObject+Prebid.h */,
				C24B78C31EE7467E0045B454 /* NSObject+Prebid.m */,
			);
			path = Categories;
			sourceTree = "<group>";
		};
		C2B16E5F1EE1BECA006304C0 /* Logging */ = {
			isa = PBXGroup;
			children = (
				C23FCCEC1EE5E41E00CFFEF0 /* PBLogManager.h */,
				C23FCCED1EE5E41E00CFFEF0 /* PBLogManager.m */,
				C23FCCE81EE5E3F500CFFEF0 /* PBLogging.h */,
				C23FCCE91EE5E3F500CFFEF0 /* PBLogging.m */,
			);
			path = Logging;
			sourceTree = "<group>";
		};
		C2B16E881EE1BF1A006304C0 /* PrebidServerAdapter */ = {
			isa = PBXGroup;
			children = (
				C2B16EA11EE1BF4A006304C0 /* PrebidServerModule */,
				C23386D81EE5DCDB002FD404 /* PBServerAdapter.h */,
				C23386D91EE5DCDB002FD404 /* PBServerAdapter.m */,
				606A4298202005C400492433 /* ReadMe.md */,
			);
			path = PrebidServerAdapter;
			sourceTree = "<group>";
		};
		C2B16EA11EE1BF4A006304C0 /* PrebidServerModule */ = {
			isa = PBXGroup;
			children = (
				C2B16E8C1EE1BF1A006304C0 /* PBServerFetcher.h */,
				C2B16E8D1EE1BF1A006304C0 /* PBServerFetcher.m */,
				C2B16E8F1EE1BF1A006304C0 /* PBServerGlobal.h */,
				C2B16E901EE1BF1A006304C0 /* PBServerGlobal.m */,
				C2B16E911EE1BF1A006304C0 /* PBServerLocation.h */,
				C2B16E921EE1BF1A006304C0 /* PBServerLocation.m */,
				C2B16E931EE1BF1A006304C0 /* PBServerReachability.h */,
				C2B16E941EE1BF1A006304C0 /* PBServerReachability.m */,
				606A42A22020FD4600492433 /* PBServerRequestBuilder.h */,
				606A42A32020FD4600492433 /* PBServerRequestBuilder.m */,
			);
			path = PrebidServerModule;
			sourceTree = "<group>";
		};
		C2B16EA21EE1BF8A006304C0 /* Frameworks */ = {
			isa = PBXGroup;
			children = (
				C23FCD501EE5EA6D00CFFEF0 /* XCTest.framework */,
				C2B1747D1EE1E3CE006304C0 /* QuartzCore.framework */,
				C2B1747B1EE1E3C9006304C0 /* SystemConfiguration.framework */,
				C2B174791EE1E3C3006304C0 /* UIKit.framework */,
				C2B174771EE1E3BC006304C0 /* MediaPlayer.framework */,
				C2B174751EE1E3B6006304C0 /* Foundation.framework */,
				C2B1746D1EE1E3AC006304C0 /* CoreGraphics.framework */,
				C2B1746E1EE1E3AC006304C0 /* CoreLocation.framework */,
				C2B1746F1EE1E3AC006304C0 /* CoreMedia.framework */,
				C2B174701EE1E3AC006304C0 /* CoreTelephony.framework */,
				EFD3C940519B957467FE94E6 /* libPods-PrebidMobile.a */,
			);
			name = Frameworks;
			sourceTree = "<group>";
		};
/* End PBXGroup section */

/* Begin PBXHeadersBuildPhase section */
		C2B16E181EE1BE69006304C0 /* Headers */ = {
			isa = PBXHeadersBuildPhase;
			buildActionMask = 2147483647;
			files = (
				60CEC02C2084DF3A00CA104B /* PBConstants.h in Headers */,
				C2B16E391EE1BEA6006304C0 /* PBException.h in Headers */,
				C2B16E341EE1BEA6006304C0 /* PBBannerAdUnit.h in Headers */,
				C2B16E481EE1BEB6006304C0 /* PBBidResponse.h in Headers */,
				C2B16E381EE1BEA6006304C0 /* PBBidResponseDelegate.h in Headers */,
				C2B16E3F1EE1BEA6006304C0 /* PBTargetingParams.h in Headers */,
				C23FCCEA1EE5E3F500CFFEF0 /* PBLogging.h in Headers */,
				606A42A42020FD4600492433 /* PBServerRequestBuilder.h in Headers */,
				B455F9011FE460E3005D6261 /* PBBidManager.h in Headers */,
				606A4353202BC98100492433 /* PrebidMobile-umbrella.h in Headers */,
				C23386D61EE5DC95002FD404 /* PBAdUnit.h in Headers */,
				B40B92AF1FCCC5E300A676A8 /* PBHost.h in Headers */,
				C2B16E3D1EE1BEA6006304C0 /* PBKeywordsManager.h in Headers */,
				C23FCCEE1EE5E41E00CFFEF0 /* PBLogManager.h in Headers */,
				C23386DA1EE5DCDB002FD404 /* PBServerAdapter.h in Headers */,
				C23386D21EE5DBFB002FD404 /* PrebidMobile.h in Headers */,
				C24B78C41EE7467E0045B454 /* NSObject+Prebid.h in Headers */,
				C2B16E3B1EE1BEA6006304C0 /* PBInterstitialAdUnit.h in Headers */,
				C2B16E9B1EE1BF1A006304C0 /* PBServerGlobal.h in Headers */,
				C2B16E9F1EE1BF1A006304C0 /* PBServerReachability.h in Headers */,
				C2B16E9D1EE1BF1A006304C0 /* PBServerLocation.h in Headers */,
				606A4353202BC98100492433 /* PrebidMobile-umbrella.h in Headers */,
				C2B16E981EE1BF1A006304C0 /* PBServerFetcher.h in Headers */,
				C210FE381FC3375D0010B588 /* PrebidCache.h in Headers */,
			);
			runOnlyForDeploymentPostprocessing = 0;
		};
/* End PBXHeadersBuildPhase section */

/* Begin PBXNativeTarget section */
		C281E17B1EE5EAF700F2F4A9 /* PrebidMobileTests */ = {
			isa = PBXNativeTarget;
			buildConfigurationList = C281E1861EE5EAF700F2F4A9 /* Build configuration list for PBXNativeTarget "PrebidMobileTests" */;
			buildPhases = (
				C281E1781EE5EAF700F2F4A9 /* Sources */,
				C281E1791EE5EAF700F2F4A9 /* Frameworks */,
				C281E17A1EE5EAF700F2F4A9 /* Resources */,
			);
			buildRules = (
			);
			dependencies = (
				C281E1831EE5EAF700F2F4A9 /* PBXTargetDependency */,
			);
			name = PrebidMobileTests;
			productName = PrebidMobileTests;
			productReference = C281E17C1EE5EAF700F2F4A9 /* PrebidMobileTests.xctest */;
			productType = "com.apple.product-type.bundle.unit-test";
		};
		C2B16E1A1EE1BE69006304C0 /* PrebidMobile */ = {
			isa = PBXNativeTarget;
			buildConfigurationList = C2B16E231EE1BE69006304C0 /* Build configuration list for PBXNativeTarget "PrebidMobile" */;
			buildPhases = (
				C2B16E161EE1BE69006304C0 /* Sources */,
				C2B16E171EE1BE69006304C0 /* Frameworks */,
				C2B16E181EE1BE69006304C0 /* Headers */,
				C2B16E191EE1BE69006304C0 /* Resources */,
			);
			buildRules = (
			);
			dependencies = (
			);
			name = PrebidMobile;
			productName = PrebidMobile;
			productReference = C2B16E1B1EE1BE69006304C0 /* PrebidMobile.framework */;
			productType = "com.apple.product-type.framework";
		};
/* End PBXNativeTarget section */

/* Begin PBXProject section */
		C2B16E121EE1BE69006304C0 /* Project object */ = {
			isa = PBXProject;
			attributes = {
				LastUpgradeCheck = 0940;
				ORGANIZATIONNAME = "Nicole Hedley";
				TargetAttributes = {
					C281E17B1EE5EAF700F2F4A9 = {
						CreatedOnToolsVersion = 8.3.2;
						DevelopmentTeam = HR94J6TSB3;
						ProvisioningStyle = Automatic;
					};
					C2B16E1A1EE1BE69006304C0 = {
						CreatedOnToolsVersion = 8.3.2;
						DevelopmentTeam = HR94J6TSB3;
						ProvisioningStyle = Automatic;
					};
				};
			};
			buildConfigurationList = C2B16E151EE1BE69006304C0 /* Build configuration list for PBXProject "PrebidMobile" */;
			compatibilityVersion = "Xcode 3.2";
			developmentRegion = English;
			hasScannedForEncodings = 0;
			knownRegions = (
				en,
			);
			mainGroup = C2B16E111EE1BE69006304C0;
			productRefGroup = C2B16E1C1EE1BE69006304C0 /* Products */;
			projectDirPath = "";
			projectRoot = "";
			targets = (
				C2B16E1A1EE1BE69006304C0 /* PrebidMobile */,
				C281E17B1EE5EAF700F2F4A9 /* PrebidMobileTests */,
			);
		};
/* End PBXProject section */

/* Begin PBXResourcesBuildPhase section */
		C281E17A1EE5EAF700F2F4A9 /* Resources */ = {
			isa = PBXResourcesBuildPhase;
			buildActionMask = 2147483647;
			files = (
				C281E1AB1EE5F2DA00F2F4A9 /* PCKeywordsManagerPriceIntervals.txt in Resources */,
				C281E1AA1EE5F2DA00F2F4A9 /* pbs_response.json in Resources */,
				C281E1A91EE5F2DA00F2F4A9 /* pbs_request.json in Resources */,
			);
			runOnlyForDeploymentPostprocessing = 0;
		};
		C2B16E191EE1BE69006304C0 /* Resources */ = {
			isa = PBXResourcesBuildPhase;
			buildActionMask = 2147483647;
			files = (
				606A4299202005C400492433 /* ReadMe.md in Resources */,
			);
			runOnlyForDeploymentPostprocessing = 0;
		};
/* End PBXResourcesBuildPhase section */

/* Begin PBXSourcesBuildPhase section */
		C281E1781EE5EAF700F2F4A9 /* Sources */ = {
			isa = PBXSourcesBuildPhase;
			buildActionMask = 2147483647;
			files = (
				606A42A62020FD4600492433 /* PBServerRequestBuilder.m in Sources */,
				C281E1AE1EE5F2DA00F2F4A9 /* ANURLConnectionStub.m in Sources */,
				C281E1AD1EE5F2DA00F2F4A9 /* ANHTTPStubURLProtocol.m in Sources */,
				C281E1B21EE5F2E500F2F4A9 /* PBMockServerAdapter.m in Sources */,
				C281E19B1EE5F2AD00F2F4A9 /* PBBidResponseTests.m in Sources */,
				C29238D91F3E38D100217075 /* PBServerAdapterTests.m in Sources */,
				C281E19D1EE5F2AD00F2F4A9 /* PBTargetingParamsTests.m in Sources */,
				F576AEF420D1B1FF00D41FBC /* PBPrebidCacheTests.m in Sources */,
				C281E1991EE5F2AD00F2F4A9 /* PBAdUnitTests.m in Sources */,
				C281E19A1EE5F2AD00F2F4A9 /* PBBidManagerTests.m in Sources */,
				C281E1AC1EE5F2DA00F2F4A9 /* ANHTTPStubbingManager.m in Sources */,
			);
			runOnlyForDeploymentPostprocessing = 0;
		};
		C2B16E161EE1BE69006304C0 /* Sources */ = {
			isa = PBXSourcesBuildPhase;
			buildActionMask = 2147483647;
			files = (
				C22E7CE61EE70E19007B31F4 /* NSTimer+Extension.m in Sources */,
				C23386D31EE5DBFB002FD404 /* PrebidMobile.m in Sources */,
				C2B16EA01EE1BF1A006304C0 /* PBServerReachability.m in Sources */,
				C2B16E561EE1BEC4006304C0 /* NSDictionary+Extension.m in Sources */,
				C23386DB1EE5DCDB002FD404 /* PBServerAdapter.m in Sources */,
				C2B16E9C1EE1BF1A006304C0 /* PBServerGlobal.m in Sources */,
				C2B16E3C1EE1BEA6006304C0 /* PBInterstitialAdUnit.m in Sources */,
				C23FCCEB1EE5E3F500CFFEF0 /* PBLogging.m in Sources */,
				C210FE391FC3375D0010B588 /* PrebidCache.m in Sources */,
				C2B16E401EE1BEA6006304C0 /* PBTargetingParams.m in Sources */,
				C2B16E9E1EE1BF1A006304C0 /* PBServerLocation.m in Sources */,
				C2B16E351EE1BEA6006304C0 /* PBBannerAdUnit.m in Sources */,
				C23386D71EE5DC95002FD404 /* PBAdUnit.m in Sources */,
				606A42A52020FD4600492433 /* PBServerRequestBuilder.m in Sources */,
				C24B78C51EE7467E0045B454 /* NSObject+Prebid.m in Sources */,
				C2B16E581EE1BEC4006304C0 /* NSString+Extension.m in Sources */,
				C2B16E3A1EE1BEA6006304C0 /* PBException.m in Sources */,
				C2B16E491EE1BEB6006304C0 /* PBBidResponse.m in Sources */,
				C23FCCEF1EE5E41E00CFFEF0 /* PBLogManager.m in Sources */,
				C2B16E371EE1BEA6006304C0 /* PBBidManager.m in Sources */,
				C2B16E3E1EE1BEA6006304C0 /* PBKeywordsManager.m in Sources */,
				C2B16E991EE1BF1A006304C0 /* PBServerFetcher.m in Sources */,
				60CEC02D2084DF3A00CA104B /* PBConstants.m in Sources */,
			);
			runOnlyForDeploymentPostprocessing = 0;
		};
/* End PBXSourcesBuildPhase section */

/* Begin PBXTargetDependency section */
		C281E1831EE5EAF700F2F4A9 /* PBXTargetDependency */ = {
			isa = PBXTargetDependency;
			target = C2B16E1A1EE1BE69006304C0 /* PrebidMobile */;
			targetProxy = C281E1821EE5EAF700F2F4A9 /* PBXContainerItemProxy */;
		};
/* End PBXTargetDependency section */

/* Begin XCBuildConfiguration section */
		C281E1841EE5EAF700F2F4A9 /* Debug */ = {
			isa = XCBuildConfiguration;
			buildSettings = {
				DEVELOPMENT_TEAM = HR94J6TSB3;
				INFOPLIST_FILE = PrebidMobile/Info.plist;
				LD_RUNPATH_SEARCH_PATHS = "$(inherited) @executable_path/Frameworks @loader_path/Frameworks";
				PRODUCT_BUNDLE_IDENTIFIER = AppNexus.PrebidMobileTests;
				PRODUCT_NAME = "$(TARGET_NAME)";
			};
			name = Debug;
		};
		C281E1851EE5EAF700F2F4A9 /* Release */ = {
			isa = XCBuildConfiguration;
			buildSettings = {
				DEVELOPMENT_TEAM = HR94J6TSB3;
				INFOPLIST_FILE = PrebidMobile/Info.plist;
				LD_RUNPATH_SEARCH_PATHS = "$(inherited) @executable_path/Frameworks @loader_path/Frameworks";
				PRODUCT_BUNDLE_IDENTIFIER = AppNexus.PrebidMobileTests;
				PRODUCT_NAME = "$(TARGET_NAME)";
			};
			name = Release;
		};
		C2B16E211EE1BE69006304C0 /* Debug */ = {
			isa = XCBuildConfiguration;
			buildSettings = {
				ALWAYS_SEARCH_USER_PATHS = NO;
				CLANG_ANALYZER_NONNULL = YES;
				CLANG_ANALYZER_NUMBER_OBJECT_CONVERSION = YES_AGGRESSIVE;
				CLANG_CXX_LANGUAGE_STANDARD = "gnu++0x";
				CLANG_CXX_LIBRARY = "libc++";
				CLANG_ENABLE_MODULES = YES;
				CLANG_ENABLE_OBJC_ARC = YES;
				CLANG_WARN_BLOCK_CAPTURE_AUTORELEASING = YES;
				CLANG_WARN_BOOL_CONVERSION = YES;
				CLANG_WARN_COMMA = YES;
				CLANG_WARN_CONSTANT_CONVERSION = YES;
				CLANG_WARN_DEPRECATED_OBJC_IMPLEMENTATIONS = YES;
				CLANG_WARN_DIRECT_OBJC_ISA_USAGE = YES_ERROR;
				CLANG_WARN_DOCUMENTATION_COMMENTS = YES;
				CLANG_WARN_EMPTY_BODY = YES;
				CLANG_WARN_ENUM_CONVERSION = YES;
				CLANG_WARN_INFINITE_RECURSION = YES;
				CLANG_WARN_INT_CONVERSION = YES;
				CLANG_WARN_NON_LITERAL_NULL_CONVERSION = YES;
				CLANG_WARN_OBJC_IMPLICIT_RETAIN_SELF = YES;
				CLANG_WARN_OBJC_LITERAL_CONVERSION = YES;
				CLANG_WARN_OBJC_ROOT_CLASS = YES_ERROR;
				CLANG_WARN_RANGE_LOOP_ANALYSIS = YES;
				CLANG_WARN_STRICT_PROTOTYPES = YES;
				CLANG_WARN_SUSPICIOUS_MOVE = YES;
				CLANG_WARN_UNREACHABLE_CODE = YES;
				CLANG_WARN__DUPLICATE_METHOD_MATCH = YES;
				"CODE_SIGN_IDENTITY[sdk=iphoneos*]" = "iPhone Developer";
				COPY_PHASE_STRIP = NO;
				CURRENT_PROJECT_VERSION = 1;
				DEBUG_INFORMATION_FORMAT = dwarf;
				ENABLE_STRICT_OBJC_MSGSEND = YES;
				ENABLE_TESTABILITY = YES;
				GCC_C_LANGUAGE_STANDARD = gnu99;
				GCC_DYNAMIC_NO_PIC = NO;
				GCC_NO_COMMON_BLOCKS = YES;
				GCC_OPTIMIZATION_LEVEL = 0;
				GCC_PREPROCESSOR_DEFINITIONS = (
					"DEBUG=1",
					"$(inherited)",
				);
				GCC_WARN_64_TO_32_BIT_CONVERSION = YES;
				GCC_WARN_ABOUT_RETURN_TYPE = YES_ERROR;
				GCC_WARN_UNDECLARED_SELECTOR = YES;
				GCC_WARN_UNINITIALIZED_AUTOS = YES_AGGRESSIVE;
				GCC_WARN_UNUSED_FUNCTION = YES;
				GCC_WARN_UNUSED_VARIABLE = YES;
				IPHONEOS_DEPLOYMENT_TARGET = 10.3;
				MTL_ENABLE_DEBUG_INFO = YES;
				ONLY_ACTIVE_ARCH = YES;
				SDKROOT = iphoneos;
				TARGETED_DEVICE_FAMILY = "1,2";
				VERSIONING_SYSTEM = "apple-generic";
				VERSION_INFO_PREFIX = "";
			};
			name = Debug;
		};
		C2B16E221EE1BE69006304C0 /* Release */ = {
			isa = XCBuildConfiguration;
			buildSettings = {
				ALWAYS_SEARCH_USER_PATHS = NO;
				CLANG_ANALYZER_NONNULL = YES;
				CLANG_ANALYZER_NUMBER_OBJECT_CONVERSION = YES_AGGRESSIVE;
				CLANG_CXX_LANGUAGE_STANDARD = "gnu++0x";
				CLANG_CXX_LIBRARY = "libc++";
				CLANG_ENABLE_MODULES = YES;
				CLANG_ENABLE_OBJC_ARC = YES;
				CLANG_WARN_BLOCK_CAPTURE_AUTORELEASING = YES;
				CLANG_WARN_BOOL_CONVERSION = YES;
				CLANG_WARN_COMMA = YES;
				CLANG_WARN_CONSTANT_CONVERSION = YES;
				CLANG_WARN_DEPRECATED_OBJC_IMPLEMENTATIONS = YES;
				CLANG_WARN_DIRECT_OBJC_ISA_USAGE = YES_ERROR;
				CLANG_WARN_DOCUMENTATION_COMMENTS = YES;
				CLANG_WARN_EMPTY_BODY = YES;
				CLANG_WARN_ENUM_CONVERSION = YES;
				CLANG_WARN_INFINITE_RECURSION = YES;
				CLANG_WARN_INT_CONVERSION = YES;
				CLANG_WARN_NON_LITERAL_NULL_CONVERSION = YES;
				CLANG_WARN_OBJC_IMPLICIT_RETAIN_SELF = YES;
				CLANG_WARN_OBJC_LITERAL_CONVERSION = YES;
				CLANG_WARN_OBJC_ROOT_CLASS = YES_ERROR;
				CLANG_WARN_RANGE_LOOP_ANALYSIS = YES;
				CLANG_WARN_STRICT_PROTOTYPES = YES;
				CLANG_WARN_SUSPICIOUS_MOVE = YES;
				CLANG_WARN_UNREACHABLE_CODE = YES;
				CLANG_WARN__DUPLICATE_METHOD_MATCH = YES;
				"CODE_SIGN_IDENTITY[sdk=iphoneos*]" = "iPhone Developer";
				COPY_PHASE_STRIP = NO;
				CURRENT_PROJECT_VERSION = 1;
				DEBUG_INFORMATION_FORMAT = "dwarf-with-dsym";
				ENABLE_NS_ASSERTIONS = NO;
				ENABLE_STRICT_OBJC_MSGSEND = YES;
				GCC_C_LANGUAGE_STANDARD = gnu99;
				GCC_NO_COMMON_BLOCKS = YES;
				GCC_WARN_64_TO_32_BIT_CONVERSION = YES;
				GCC_WARN_ABOUT_RETURN_TYPE = YES_ERROR;
				GCC_WARN_UNDECLARED_SELECTOR = YES;
				GCC_WARN_UNINITIALIZED_AUTOS = YES_AGGRESSIVE;
				GCC_WARN_UNUSED_FUNCTION = YES;
				GCC_WARN_UNUSED_VARIABLE = YES;
				IPHONEOS_DEPLOYMENT_TARGET = 10.3;
				MTL_ENABLE_DEBUG_INFO = NO;
				SDKROOT = iphoneos;
				TARGETED_DEVICE_FAMILY = "1,2";
				VALIDATE_PRODUCT = YES;
				VERSIONING_SYSTEM = "apple-generic";
				VERSION_INFO_PREFIX = "";
			};
			name = Release;
		};
		C2B16E241EE1BE69006304C0 /* Debug */ = {
			isa = XCBuildConfiguration;
			buildSettings = {
				ALWAYS_SEARCH_USER_PATHS = NO;
				CODE_SIGN_IDENTITY = "iPhone Developer";
				"CODE_SIGN_IDENTITY[sdk=iphoneos*]" = "";
				DEFINES_MODULE = YES;
				DEVELOPMENT_TEAM = HR94J6TSB3;
				DYLIB_COMPATIBILITY_VERSION = 1;
				DYLIB_CURRENT_VERSION = 1;
				DYLIB_INSTALL_NAME_BASE = "@rpath";
				GCC_PREPROCESSOR_DEFINITIONS = "";
				INFOPLIST_FILE = PrebidMobile/Info.plist;
				INSTALL_PATH = "$(LOCAL_LIBRARY_DIR)/Frameworks";
				IPHONEOS_DEPLOYMENT_TARGET = 8.0;
				LD_RUNPATH_SEARCH_PATHS = "$(inherited) @executable_path/Frameworks @loader_path/Frameworks $(PROJECT_DIR)/lib/DFPSDK $(PROJECT_DIR)/lib/MoPubSDK";
				MACH_O_TYPE = staticlib;
				MODULEMAP_FILE = "$(PROJECT)/PrebidMobile.modulemap";
				PRODUCT_BUNDLE_IDENTIFIER = AppNexus.PrebidMobile;
				PRODUCT_NAME = "$(TARGET_NAME)";
				SKIP_INSTALL = YES;
			};
			name = Debug;
		};
		C2B16E251EE1BE69006304C0 /* Release */ = {
			isa = XCBuildConfiguration;
			buildSettings = {
				ALWAYS_SEARCH_USER_PATHS = NO;
				CODE_SIGN_IDENTITY = "iPhone Developer";
				"CODE_SIGN_IDENTITY[sdk=iphoneos*]" = "";
				DEFINES_MODULE = YES;
				DEVELOPMENT_TEAM = HR94J6TSB3;
				DYLIB_COMPATIBILITY_VERSION = 1;
				DYLIB_CURRENT_VERSION = 1;
				DYLIB_INSTALL_NAME_BASE = "@rpath";
				GCC_PREPROCESSOR_DEFINITIONS = "";
				INFOPLIST_FILE = PrebidMobile/Info.plist;
				INSTALL_PATH = "$(LOCAL_LIBRARY_DIR)/Frameworks";
				IPHONEOS_DEPLOYMENT_TARGET = 8.0;
				LD_RUNPATH_SEARCH_PATHS = "$(inherited) @executable_path/Frameworks @loader_path/Frameworks $(PROJECT_DIR)/lib/DFPSDK $(PROJECT_DIR)/lib/MoPubSDK";
				MACH_O_TYPE = staticlib;
				MODULEMAP_FILE = "$(PROJECT)/PrebidMobile.modulemap";
				PRODUCT_BUNDLE_IDENTIFIER = AppNexus.PrebidMobile;
				PRODUCT_NAME = "$(TARGET_NAME)";
				SKIP_INSTALL = YES;
			};
			name = Release;
		};
/* End XCBuildConfiguration section */

/* Begin XCConfigurationList section */
		C281E1861EE5EAF700F2F4A9 /* Build configuration list for PBXNativeTarget "PrebidMobileTests" */ = {
			isa = XCConfigurationList;
			buildConfigurations = (
				C281E1841EE5EAF700F2F4A9 /* Debug */,
				C281E1851EE5EAF700F2F4A9 /* Release */,
			);
			defaultConfigurationIsVisible = 0;
			defaultConfigurationName = Release;
		};
		C2B16E151EE1BE69006304C0 /* Build configuration list for PBXProject "PrebidMobile" */ = {
			isa = XCConfigurationList;
			buildConfigurations = (
				C2B16E211EE1BE69006304C0 /* Debug */,
				C2B16E221EE1BE69006304C0 /* Release */,
			);
			defaultConfigurationIsVisible = 0;
			defaultConfigurationName = Release;
		};
		C2B16E231EE1BE69006304C0 /* Build configuration list for PBXNativeTarget "PrebidMobile" */ = {
			isa = XCConfigurationList;
			buildConfigurations = (
				C2B16E241EE1BE69006304C0 /* Debug */,
				C2B16E251EE1BE69006304C0 /* Release */,
			);
			defaultConfigurationIsVisible = 0;
			defaultConfigurationName = Release;
		};
/* End XCConfigurationList section */
	};
	rootObject = C2B16E121EE1BE69006304C0 /* Project object */;
}
