PODS:
  - Alamofire (4.9.1)
  - AppLovinSDK (13.5.1)
  - Eureka (5.5.0)
  - Google-Mobile-Ads-SDK (12.14.0):
    - GoogleUserMessagingPlatform (>= 1.1)
  - GoogleAds-IMA-iOS-SDK (3.27.4)
  - GoogleUserMessagingPlatform (3.1.0)
  - RxSwift (6.9.0)
  - SVProgressHUD (2.3.1):
    - SVProgressHUD/Core (= 2.3.1)
  - SVProgressHUD/Core (2.3.1)

DEPENDENCIES:
  - Alamofire (= 4.9.1)
  - AppLovinSDK
  - Eureka
  - Google-Mobile-Ads-SDK
  - GoogleAds-IMA-iOS-SDK
  - RxSwift
  - SVProgressHUD

SPEC REPOS:
  trunk:
    - Alamofire
    - AppLovinSDK
    - Eureka
    - Google-Mobile-Ads-SDK
    - GoogleAds-IMA-iOS-SDK
    - GoogleUserMessagingPlatform
    - RxSwift
    - SVProgressHUD

SPEC CHECKSUMS:
  Alamofire: 85e8a02c69d6020a0d734f6054870d7ecb75cf18
  AppLovinSDK: 8d9af6c7617e4d35b38aa8393a3e9d161a74b230
  Eureka: 1c18c7fcd8f772cc2ca42d6be36292dffa77eecb
  Google-Mobile-Ads-SDK: 4534fd2dfcd3f705c5485a6633c5188d03d4eed2
  GoogleAds-IMA-iOS-SDK: 1c696013d47bc3cafa48b7de9c8196941bd3105b
  GoogleUserMessagingPlatform: befe603da6501006420c206222acd449bba45a9c
  RxSwift: 31649ace6aceeb422e16ff71c60804f9c3281ed9
  SVProgressHUD: 4837c74bdfe2e51e8821c397825996a8d7de6e22

PODFILE CHECKSUM: 36a6a4efadfb8c111a3c478add30362d8f467752

COCOAPODS: 1.16.2
