PODS:
  - Alamofire (4.9.1)
  - AppLovinSDK (12.5.0)
  - Eureka (5.5.0)
  - Google-Mobile-Ads-SDK (11.6.0):
    - GoogleUserMessagingPlatform (>= 1.1)
  - GoogleAds-IMA-iOS-SDK (3.23.0)
  - GoogleUserMessagingPlatform (2.4.0)
  - RxSwift (6.7.1)
  - SVProgressHUD (2.3.1):
    - SVProgressHUD/Core (= 2.3.1)
  - SVProgressHUD/Core (2.3.1)

DEPENDENCIES:
  - Alamofire (= 4.9.1)
  - AppLovinSDK
  - Eureka
  - Google-Mobile-Ads-SDK
  - GoogleAds-IMA-iOS-SDK
  - RxSwift
  - SVProgressHUD

SPEC REPOS:
  trunk:
    - Alamofire
    - AppLovinSDK
    - Eureka
    - Google-Mobile-Ads-SDK
    - GoogleAds-IMA-iOS-SDK
    - GoogleUserMessagingPlatform
    - RxSwift
    - SVProgressHUD

SPEC CHECKSUMS:
  Alamofire: 85e8a02c69d6020a0d734f6054870d7ecb75cf18
  AppLovinSDK: 626d2aea57ae1bf9280d2012e8e20c521c58ce28
  Eureka: 1c18c7fcd8f772cc2ca42d6be36292dffa77eecb
  Google-Mobile-Ads-SDK: 28339250757645a9bab066ebbe667fa48d2c9bd7
  GoogleAds-IMA-iOS-SDK: ee2a68ed7a1a17c7bb81bdb1b81590b35a3fc8f3
  GoogleUserMessagingPlatform: f131fa7978d2ba88d7426702b057c2cc318e6595
  RxSwift: b9a93a26031785159e11abd40d1a55bcb8057e52
  SVProgressHUD: 4837c74bdfe2e51e8821c397825996a8d7de6e22

PODFILE CHECKSUM: bae4436ed691a1d2217fde386d8881d6e7e06963

COCOAPODS: 1.15.2
