// !$*UTF8*$!
{
	archiveVersion = 1;
	classes = {
	};
	objectVersion = 50;
	objects = {

/* Begin PBXFileReference section */
		0380A405FEB3840C25F9898F /* Pods-PrebidMobileMoPubAdaptersTests.release.xcconfig */ = {isa = PBXFileReference; includeInIndex = 1; lastKnownFileType = text.xcconfig; name = "Pods-PrebidMobileMoPubAdaptersTests.release.xcconfig"; path = "Target Support Files/Pods-PrebidMobileMoPubAdaptersTests/Pods-PrebidMobileMoPubAdaptersTests.release.xcconfig"; sourceTree = "<group>"; };
		0F60EA433BD40CBD44BA947E /* Pods_PrebidMobileMoPubAdaptersTests.framework */ = {isa = PBXFileReference; explicitFileType = wrapper.framework; includeInIndex = 0; path = Pods_PrebidMobileMoPubAdaptersTests.framework; sourceTree = BUILT_PRODUCTS_DIR; };
		1CBDEDF7561DCC25D37722F5 /* Pods-PrebidMobileMoPubAdaptersTests.debug.xcconfig */ = {isa = PBXFileReference; includeInIndex = 1; lastKnownFileType = text.xcconfig; name = "Pods-PrebidMobileMoPubAdaptersTests.debug.xcconfig"; path = "Target Support Files/Pods-PrebidMobileMoPubAdaptersTests/Pods-PrebidMobileMoPubAdaptersTests.debug.xcconfig"; sourceTree = "<group>"; };
		237DEA65BB4F321230D3A510 /* Pods-PrebidMobileMAXAdaptersTests.debug.xcconfig */ = {isa = PBXFileReference; includeInIndex = 1; lastKnownFileType = text.xcconfig; name = "Pods-PrebidMobileMAXAdaptersTests.debug.xcconfig"; path = "Target Support Files/Pods-PrebidMobileMAXAdaptersTests/Pods-PrebidMobileMAXAdaptersTests.debug.xcconfig"; sourceTree = "<group>"; };
		240AB4FEB77E1AB79E9EC15A /* Pods_PrebidMobileAdMobAdapters.framework */ = {isa = PBXFileReference; explicitFileType = wrapper.framework; includeInIndex = 0; path = Pods_PrebidMobileAdMobAdapters.framework; sourceTree = BUILT_PRODUCTS_DIR; };
		329DD8224E4EC5A00AEA10F7 /* Pods-PrebidMobileMAXAdapters.debug.xcconfig */ = {isa = PBXFileReference; includeInIndex = 1; lastKnownFileType = text.xcconfig; name = "Pods-PrebidMobileMAXAdapters.debug.xcconfig"; path = "Target Support Files/Pods-PrebidMobileMAXAdapters/Pods-PrebidMobileMAXAdapters.debug.xcconfig"; sourceTree = "<group>"; };
		3405F949250A555800268A77 /* Info.plist */ = {isa = PBXFileReference; lastKnownFileType = text.plist.xml; path = Info.plist; sourceTree = "<group>"; };
		3405F950250A55AE00268A77 /* GAMBannerViewWrapperTest.swift */ = {isa = PBXFileReference; lastKnownFileType = sourcecode.swift; path = GAMBannerViewWrapperTest.swift; sourceTree = "<group>"; };
		344A7F08250B73FA00743A93 /* PropertyTestModels.swift */ = {isa = PBXFileReference; lastKnownFileType = sourcecode.swift; path = PropertyTestModels.swift; sourceTree = "<group>"; };
		344A7F0B250B744D00743A93 /* GADAdSize+Equatable.swift */ = {isa = PBXFileReference; lastKnownFileType = sourcecode.swift; path = "GADAdSize+Equatable.swift"; sourceTree = "<group>"; };
		344A7F0D250B749600743A93 /* GAMRequestWrapperTest.swift */ = {isa = PBXFileReference; lastKnownFileType = sourcecode.swift; path = GAMRequestWrapperTest.swift; sourceTree = "<group>"; };
		344A7F13250B823F00743A93 /* GAMInterstitialAdWrapperTest.swift */ = {isa = PBXFileReference; lastKnownFileType = sourcecode.swift; path = GAMInterstitialAdWrapperTest.swift; sourceTree = "<group>"; };
		344A7F19250B8E5400743A93 /* GADRewardedAdWrapperTest.swift */ = {isa = PBXFileReference; lastKnownFileType = sourcecode.swift; path = GADRewardedAdWrapperTest.swift; sourceTree = "<group>"; };
		34B64D5F24F7E41600FDD9F4 /* Info.plist */ = {isa = PBXFileReference; lastKnownFileType = text.plist.xml; path = Info.plist; sourceTree = "<group>"; };
		42CE6323AC67980202BFDE74 /* Pods-PrebidMobileAdMobAdapters.release.xcconfig */ = {isa = PBXFileReference; includeInIndex = 1; lastKnownFileType = text.xcconfig; name = "Pods-PrebidMobileAdMobAdapters.release.xcconfig"; path = "Target Support Files/Pods-PrebidMobileAdMobAdapters/Pods-PrebidMobileAdMobAdapters.release.xcconfig"; sourceTree = "<group>"; };
		492E16D3B90411A699792B3D /* Pods_PrebidMobileGAMEventHandlersTests.framework */ = {isa = PBXFileReference; explicitFileType = wrapper.framework; includeInIndex = 0; path = Pods_PrebidMobileGAMEventHandlersTests.framework; sourceTree = BUILT_PRODUCTS_DIR; };
		52CBE87750DA32B6049DBA11 /* Pods_PrebidMobileMoPubAdapters.framework */ = {isa = PBXFileReference; explicitFileType = wrapper.framework; includeInIndex = 0; path = Pods_PrebidMobileMoPubAdapters.framework; sourceTree = BUILT_PRODUCTS_DIR; };
		553848D2FE06B31317288F97 /* Pods-PrebidMobileMoPubAdapters.debug.xcconfig */ = {isa = PBXFileReference; includeInIndex = 1; lastKnownFileType = text.xcconfig; name = "Pods-PrebidMobileMoPubAdapters.debug.xcconfig"; path = "Target Support Files/Pods-PrebidMobileMoPubAdapters/Pods-PrebidMobileMoPubAdapters.debug.xcconfig"; sourceTree = "<group>"; };
		57F41F8DFF5B0CB73E2815BB /* Pods_PrebidMobileMAXAdaptersTests.framework */ = {isa = PBXFileReference; explicitFileType = wrapper.framework; includeInIndex = 0; path = Pods_PrebidMobileMAXAdaptersTests.framework; sourceTree = BUILT_PRODUCTS_DIR; };
		58B193FE14C1F3D7E795F7AC /* Pods-PrebidMobileMAXAdapters.release.xcconfig */ = {isa = PBXFileReference; includeInIndex = 1; lastKnownFileType = text.xcconfig; name = "Pods-PrebidMobileMAXAdapters.release.xcconfig"; path = "Target Support Files/Pods-PrebidMobileMAXAdapters/Pods-PrebidMobileMAXAdapters.release.xcconfig"; sourceTree = "<group>"; };
		5B36172526370A8700AFA1C2 /* GAMUtils.swift */ = {isa = PBXFileReference; lastKnownFileType = sourcecode.swift; path = GAMUtils.swift; sourceTree = "<group>"; };
		5B3617FB2638131A00AFA1C2 /* Constants.swift */ = {isa = PBXFileReference; lastKnownFileType = sourcecode.swift; path = Constants.swift; sourceTree = "<group>"; };
		5B36182226384C7D00AFA1C2 /* GAMRewardedEventHandler.swift */ = {isa = PBXFileReference; lastKnownFileType = sourcecode.swift; path = GAMRewardedEventHandler.swift; sourceTree = "<group>"; };
		5B69676F2642993B0042372E /* GAMEventHandlerError.swift */ = {isa = PBXFileReference; lastKnownFileType = sourcecode.swift; path = GAMEventHandlerError.swift; sourceTree = "<group>"; };
		5B69677F2642A56A0042372E /* PrebidMobileGAMEventHandlers.h */ = {isa = PBXFileReference; fileEncoding = 4; lastKnownFileType = sourcecode.c.h; name = PrebidMobileGAMEventHandlers.h; path = PrebidMobileGAMEventHandlers/PrebidMobileGAMEventHandlers.h; sourceTree = SOURCE_ROOT; };
		5B7B133E26455C9600EBF42A /* GADCustomNativeAdWrapperTest.swift */ = {isa = PBXFileReference; lastKnownFileType = sourcecode.swift; path = GADCustomNativeAdWrapperTest.swift; sourceTree = "<group>"; };
		5B7B134B26455E5400EBF42A /* GADNativeAdWrapperTest.swift */ = {isa = PBXFileReference; lastKnownFileType = sourcecode.swift; path = GADNativeAdWrapperTest.swift; sourceTree = "<group>"; };
		5BCCF2082732C6340046CCFC /* PrebidMobile.framework */ = {isa = PBXFileReference; explicitFileType = wrapper.framework; path = PrebidMobile.framework; sourceTree = BUILT_PRODUCTS_DIR; };
		5BCCF20F2732D1B10046CCFC /* PrebidMobile.framework */ = {isa = PBXFileReference; explicitFileType = wrapper.framework; path = PrebidMobile.framework; sourceTree = BUILT_PRODUCTS_DIR; };
		5BF8E65A26396DB900341EE4 /* GADRewardedAdWrapper.swift */ = {isa = PBXFileReference; lastKnownFileType = sourcecode.swift; path = GADRewardedAdWrapper.swift; sourceTree = "<group>"; };
		5BF8E6B6263AC32800341EE4 /* GAMInterstitialEventHandler.swift */ = {isa = PBXFileReference; lastKnownFileType = sourcecode.swift; path = GAMInterstitialEventHandler.swift; sourceTree = "<group>"; };
		5BF8E6C1263AE1B400341EE4 /* GAMInterstitialAdWrapper.swift */ = {isa = PBXFileReference; fileEncoding = 4; lastKnownFileType = sourcecode.swift; path = GAMInterstitialAdWrapper.swift; sourceTree = "<group>"; };
		5BF8E76D263BF4DF00341EE4 /* GAMBannerEventHandler.swift */ = {isa = PBXFileReference; lastKnownFileType = sourcecode.swift; path = GAMBannerEventHandler.swift; sourceTree = "<group>"; };
		5BF8E778263C291300341EE4 /* GAMBannerViewWrapper.swift */ = {isa = PBXFileReference; lastKnownFileType = sourcecode.swift; path = GAMBannerViewWrapper.swift; sourceTree = "<group>"; };
		5BF8E780263C363800341EE4 /* GAMRequestWrapper.swift */ = {isa = PBXFileReference; lastKnownFileType = sourcecode.swift; path = GAMRequestWrapper.swift; sourceTree = "<group>"; };
		5BF8E788263C3B4000341EE4 /* GADNativeAdWrapper.swift */ = {isa = PBXFileReference; lastKnownFileType = sourcecode.swift; path = GADNativeAdWrapper.swift; sourceTree = "<group>"; };
		5BF8E790263C400F00341EE4 /* GADCustomNativeAdWrapper.swift */ = {isa = PBXFileReference; lastKnownFileType = sourcecode.swift; path = GADCustomNativeAdWrapper.swift; sourceTree = "<group>"; };
		8E4C768ECDDB294B3CC3CF48 /* Pods-PrebidMobileMAXAdaptersTests.release.xcconfig */ = {isa = PBXFileReference; includeInIndex = 1; lastKnownFileType = text.xcconfig; name = "Pods-PrebidMobileMAXAdaptersTests.release.xcconfig"; path = "Target Support Files/Pods-PrebidMobileMAXAdaptersTests/Pods-PrebidMobileMAXAdaptersTests.release.xcconfig"; sourceTree = "<group>"; };
		914C447D75BBE960CE43225D /* Pods-PrebidMobileGAMEventHandlers.debug.xcconfig */ = {isa = PBXFileReference; includeInIndex = 1; lastKnownFileType = text.xcconfig; name = "Pods-PrebidMobileGAMEventHandlers.debug.xcconfig"; path = "Target Support Files/Pods-PrebidMobileGAMEventHandlers/Pods-PrebidMobileGAMEventHandlers.debug.xcconfig"; sourceTree = "<group>"; };
		92221CDC2804A0C3005DF671 /* PrebidMAXMediationAdapter+MAInterstitialAdapter+MARewardedAdapter.swift */ = {isa = PBXFileReference; lastKnownFileType = sourcecode.swift; path = "PrebidMAXMediationAdapter+MAInterstitialAdapter+MARewardedAdapter.swift"; sourceTree = "<group>"; };
		92221CE22804B113005DF671 /* MAXMediationInterstitialUtils.swift */ = {isa = PBXFileReference; lastKnownFileType = sourcecode.swift; path = MAXMediationInterstitialUtils.swift; sourceTree = "<group>"; };
		92221CE62804BC0B005DF671 /* MAXMediationRewardedlUtils.swift */ = {isa = PBXFileReference; lastKnownFileType = sourcecode.swift; path = MAXMediationRewardedlUtils.swift; sourceTree = "<group>"; };
		92303E7C27FECEA100AC8E5C /* PrebidMobile.framework */ = {isa = PBXFileReference; explicitFileType = wrapper.framework; path = PrebidMobile.framework; sourceTree = BUILT_PRODUCTS_DIR; };
		924530842800A948006AB6AF /* MAXMediationBannerUtils.swift */ = {isa = PBXFileReference; lastKnownFileType = sourcecode.swift; path = MAXMediationBannerUtils.swift; sourceTree = "<group>"; };
		924530882800B86B006AB6AF /* MAXAdaptersError.swift */ = {isa = PBXFileReference; lastKnownFileType = sourcecode.swift; path = MAXAdaptersError.swift; sourceTree = "<group>"; };
		9245308A2800C34D006AB6AF /* PrebidMAXMediationAdapter+MAAdViewAdapter.swift */ = {isa = PBXFileReference; lastKnownFileType = sourcecode.swift; path = "PrebidMAXMediationAdapter+MAAdViewAdapter.swift"; sourceTree = "<group>"; };
		9258904A9C1DF637C07F290B /* Pods-PrebidMobileGAMEventHandlersTests.release.xcconfig */ = {isa = PBXFileReference; includeInIndex = 1; lastKnownFileType = text.xcconfig; name = "Pods-PrebidMobileGAMEventHandlersTests.release.xcconfig"; path = "Target Support Files/Pods-PrebidMobileGAMEventHandlersTests/Pods-PrebidMobileGAMEventHandlersTests.release.xcconfig"; sourceTree = "<group>"; };
		9267B3FF276FCF9300F1ADF1 /* AdMobConstants.swift */ = {isa = PBXFileReference; lastKnownFileType = sourcecode.swift; path = AdMobConstants.swift; sourceTree = "<group>"; };
		926CBF1B278C837800E07BF2 /* PrebidAdMobInterstitialAdapter.swift */ = {isa = PBXFileReference; lastKnownFileType = sourcecode.swift; path = PrebidAdMobInterstitialAdapter.swift; sourceTree = "<group>"; };
		926CBF1D278C8ADC00E07BF2 /* AdMobMediationInterstitialUtils.swift */ = {isa = PBXFileReference; lastKnownFileType = sourcecode.swift; path = AdMobMediationInterstitialUtils.swift; sourceTree = "<group>"; };
		9281F68427A82C38004F18EC /* AdMobMediationUtilsTest.swift */ = {isa = PBXFileReference; lastKnownFileType = sourcecode.swift; path = AdMobMediationUtilsTest.swift; sourceTree = "<group>"; };
		928310072775FF7500D28142 /* PrebidMobileAdMobAdaptersTests-Bridging-Header.h */ = {isa = PBXFileReference; lastKnownFileType = sourcecode.c.h; path = "PrebidMobileAdMobAdaptersTests-Bridging-Header.h"; sourceTree = "<group>"; };
		9285B46527AAC5B1009BD3D3 /* PrebidAdMobVideoInterstitialAdapter.swift */ = {isa = PBXFileReference; lastKnownFileType = sourcecode.swift; path = PrebidAdMobVideoInterstitialAdapter.swift; sourceTree = "<group>"; };
		9289873B280028570062BFAA /* MAXConstants.swift */ = {isa = PBXFileReference; lastKnownFileType = sourcecode.swift; path = MAXConstants.swift; sourceTree = "<group>"; };
		9298652228058B7A007A2F34 /* PrebidMAXMediationAdapter+MANativeAdAdapter.swift */ = {isa = PBXFileReference; lastKnownFileType = sourcecode.swift; path = "PrebidMAXMediationAdapter+MANativeAdAdapter.swift"; sourceTree = "<group>"; };
		9298652628058F9B007A2F34 /* PrebidMAUnifiedNativeAd.swift */ = {isa = PBXFileReference; lastKnownFileType = sourcecode.swift; path = PrebidMAUnifiedNativeAd.swift; sourceTree = "<group>"; };
		92986528280598F8007A2F34 /* MAXUtils.swift */ = {isa = PBXFileReference; lastKnownFileType = sourcecode.swift; path = MAXUtils.swift; sourceTree = "<group>"; };
		9298652A280601F8007A2F34 /* MAXMediationNativeUtils.swift */ = {isa = PBXFileReference; lastKnownFileType = sourcecode.swift; path = MAXMediationNativeUtils.swift; sourceTree = "<group>"; };
		929D2638280450D300C61E8D /* PrebidMAXMediationAdapter.swift */ = {isa = PBXFileReference; lastKnownFileType = sourcecode.swift; path = PrebidMAXMediationAdapter.swift; sourceTree = "<group>"; };
		92A2380C27731B48000157AA /* AdMobUtils.swift */ = {isa = PBXFileReference; lastKnownFileType = sourcecode.swift; path = AdMobUtils.swift; sourceTree = "<group>"; };
		92C1345D27FC6B4900F96387 /* PrebidMobileMAXAdapters.h */ = {isa = PBXFileReference; lastKnownFileType = sourcecode.c.h; path = PrebidMobileMAXAdapters.h; sourceTree = "<group>"; };
		92C474EC2795B57E00C26E27 /* AdMobMediationRewardedUtils.swift */ = {isa = PBXFileReference; lastKnownFileType = sourcecode.swift; path = AdMobMediationRewardedUtils.swift; sourceTree = "<group>"; };
		92C474F42795E1A600C26E27 /* PrebidAdMobMediationBaseAdapter.swift */ = {isa = PBXFileReference; lastKnownFileType = sourcecode.swift; path = PrebidAdMobMediationBaseAdapter.swift; sourceTree = "<group>"; };
		92C474F82795ECDF00C26E27 /* PrebidAdMobEventExtras.swift */ = {isa = PBXFileReference; lastKnownFileType = sourcecode.swift; path = PrebidAdMobEventExtras.swift; sourceTree = "<group>"; };
		92C7A866279A81EA000D31CB /* PrebidMediatedUnifiedNativeAd.swift */ = {isa = PBXFileReference; lastKnownFileType = sourcecode.swift; path = PrebidMediatedUnifiedNativeAd.swift; sourceTree = "<group>"; };
		92C7A868279AAEF1000D31CB /* AdMobMediationNativeUtils.swift */ = {isa = PBXFileReference; lastKnownFileType = sourcecode.swift; path = AdMobMediationNativeUtils.swift; sourceTree = "<group>"; };
		92DDA43B278EE8EC0035F03E /* PrebidAdMobRewardedVideoAdapter.swift */ = {isa = PBXFileReference; lastKnownFileType = sourcecode.swift; path = PrebidAdMobRewardedVideoAdapter.swift; sourceTree = "<group>"; };
		92E924FA2769ED96002B57F3 /* PrebidAdMobBannerAdapter.swift */ = {isa = PBXFileReference; lastKnownFileType = sourcecode.swift; path = PrebidAdMobBannerAdapter.swift; sourceTree = "<group>"; };
		92E924FC276A0FD8002B57F3 /* AdMobMediationBannerUtils.swift */ = {isa = PBXFileReference; lastKnownFileType = sourcecode.swift; path = AdMobMediationBannerUtils.swift; sourceTree = "<group>"; };
		92E924FE276A193E002B57F3 /* AdMobAdaptersError.swift */ = {isa = PBXFileReference; lastKnownFileType = sourcecode.swift; path = AdMobAdaptersError.swift; sourceTree = "<group>"; };
		92EB6DE42799FB4700470DEC /* PrebidAdMobNativeAdapter.swift */ = {isa = PBXFileReference; lastKnownFileType = sourcecode.swift; path = PrebidAdMobNativeAdapter.swift; sourceTree = "<group>"; };
		92F4389827688E8600FDC950 /* PrebidMobileAdMobAdapters.h */ = {isa = PBXFileReference; lastKnownFileType = sourcecode.c.h; path = PrebidMobileAdMobAdapters.h; sourceTree = "<group>"; };
		92F438B9276896FF00FDC950 /* PrebidMobile.framework */ = {isa = PBXFileReference; explicitFileType = wrapper.framework; path = PrebidMobile.framework; sourceTree = BUILT_PRODUCTS_DIR; };
		9D58C5231BEDC27162AC3816 /* Pods-PrebidMobileAdMobAdaptersTests.release.xcconfig */ = {isa = PBXFileReference; includeInIndex = 1; lastKnownFileType = text.xcconfig; name = "Pods-PrebidMobileAdMobAdaptersTests.release.xcconfig"; path = "Target Support Files/Pods-PrebidMobileAdMobAdaptersTests/Pods-PrebidMobileAdMobAdaptersTests.release.xcconfig"; sourceTree = "<group>"; };
		9E2E8204E1C52CBA0D87C56C /* Pods-PrebidMobileAdMobAdapters.debug.xcconfig */ = {isa = PBXFileReference; includeInIndex = 1; lastKnownFileType = text.xcconfig; name = "Pods-PrebidMobileAdMobAdapters.debug.xcconfig"; path = "Target Support Files/Pods-PrebidMobileAdMobAdapters/Pods-PrebidMobileAdMobAdapters.debug.xcconfig"; sourceTree = "<group>"; };
		AC5A99A6267B63610064A2CA /* PrebidMobileRendering.framework */ = {isa = PBXFileReference; explicitFileType = wrapper.framework; path = PrebidMobileRendering.framework; sourceTree = BUILT_PRODUCTS_DIR; };
		AC5A99AA267B638C0064A2CA /* PrebidMobileRendering.framework */ = {isa = PBXFileReference; explicitFileType = wrapper.framework; path = PrebidMobileRendering.framework; sourceTree = BUILT_PRODUCTS_DIR; };
		C5B3E8B0B44D8679109E1641 /* Pods-PrebidMobileMoPubAdapters.release.xcconfig */ = {isa = PBXFileReference; includeInIndex = 1; lastKnownFileType = text.xcconfig; name = "Pods-PrebidMobileMoPubAdapters.release.xcconfig"; path = "Target Support Files/Pods-PrebidMobileMoPubAdapters/Pods-PrebidMobileMoPubAdapters.release.xcconfig"; sourceTree = "<group>"; };
		CCB1E381265AD3A8E6AF13DA /* Pods_PrebidMobileAdMobAdaptersTests.framework */ = {isa = PBXFileReference; explicitFileType = wrapper.framework; includeInIndex = 0; path = Pods_PrebidMobileAdMobAdaptersTests.framework; sourceTree = BUILT_PRODUCTS_DIR; };
		D018605E7CEA3B29DC916A73 /* Pods_PrebidMobileMAXAdapters.framework */ = {isa = PBXFileReference; explicitFileType = wrapper.framework; includeInIndex = 0; path = Pods_PrebidMobileMAXAdapters.framework; sourceTree = BUILT_PRODUCTS_DIR; };
		D1B77165045D380B64491D0E /* Pods-PrebidMobileGAMEventHandlersTests.debug.xcconfig */ = {isa = PBXFileReference; includeInIndex = 1; lastKnownFileType = text.xcconfig; name = "Pods-PrebidMobileGAMEventHandlersTests.debug.xcconfig"; path = "Target Support Files/Pods-PrebidMobileGAMEventHandlersTests/Pods-PrebidMobileGAMEventHandlersTests.debug.xcconfig"; sourceTree = "<group>"; };
		EC52FAF1C12304695E019A4D /* Pods_PrebidMobileGAMEventHandlers.framework */ = {isa = PBXFileReference; explicitFileType = wrapper.framework; includeInIndex = 0; path = Pods_PrebidMobileGAMEventHandlers.framework; sourceTree = BUILT_PRODUCTS_DIR; };
		F06F98153B4FCC7F187B0A60 /* Pods-PrebidMobileGAMEventHandlers.release.xcconfig */ = {isa = PBXFileReference; includeInIndex = 1; lastKnownFileType = text.xcconfig; name = "Pods-PrebidMobileGAMEventHandlers.release.xcconfig"; path = "Target Support Files/Pods-PrebidMobileGAMEventHandlers/Pods-PrebidMobileGAMEventHandlers.release.xcconfig"; sourceTree = "<group>"; };
		F7F666DB80A4C4141B6F1270 /* Pods-PrebidMobileAdMobAdaptersTests.debug.xcconfig */ = {isa = PBXFileReference; includeInIndex = 1; lastKnownFileType = text.xcconfig; name = "Pods-PrebidMobileAdMobAdaptersTests.debug.xcconfig"; path = "Target Support Files/Pods-PrebidMobileAdMobAdaptersTests/Pods-PrebidMobileAdMobAdaptersTests.debug.xcconfig"; sourceTree = "<group>"; };
/* End PBXFileReference section */

/* Begin PBXGroup section */
		3386E5027DFDA876BC9AC49B /* Frameworks */ = {
			isa = PBXGroup;
			children = (
				92303E7C27FECEA100AC8E5C /* PrebidMobile.framework */,
				92F438B9276896FF00FDC950 /* PrebidMobile.framework */,
				5BCCF20F2732D1B10046CCFC /* PrebidMobile.framework */,
				5BCCF2082732C6340046CCFC /* PrebidMobile.framework */,
				AC5A99AA267B638C0064A2CA /* PrebidMobileRendering.framework */,
				AC5A99A6267B63610064A2CA /* PrebidMobileRendering.framework */,
				EC52FAF1C12304695E019A4D /* Pods_PrebidMobileGAMEventHandlers.framework */,
				492E16D3B90411A699792B3D /* Pods_PrebidMobileGAMEventHandlersTests.framework */,
				52CBE87750DA32B6049DBA11 /* Pods_PrebidMobileMoPubAdapters.framework */,
				0F60EA433BD40CBD44BA947E /* Pods_PrebidMobileMoPubAdaptersTests.framework */,
				240AB4FEB77E1AB79E9EC15A /* Pods_PrebidMobileAdMobAdapters.framework */,
				CCB1E381265AD3A8E6AF13DA /* Pods_PrebidMobileAdMobAdaptersTests.framework */,
				D018605E7CEA3B29DC916A73 /* Pods_PrebidMobileMAXAdapters.framework */,
				57F41F8DFF5B0CB73E2815BB /* Pods_PrebidMobileMAXAdaptersTests.framework */,
			);
			name = Frameworks;
			sourceTree = "<group>";
		};
		3405F946250A555800268A77 /* PrebidMobileGAMEventHandlersTests */ = {
			isa = PBXGroup;
			children = (
				344A7F0A250B743900743A93 /* Extensions */,
				344A7F07250B73BA00743A93 /* TestModels */,
				344A7F06250B73A700743A93 /* BoxTests */,
				3405F949250A555800268A77 /* Info.plist */,
			);
			path = PrebidMobileGAMEventHandlersTests;
			sourceTree = "<group>";
		};
		344A7F06250B73A700743A93 /* BoxTests */ = {
			isa = PBXGroup;
			children = (
				3405F950250A55AE00268A77 /* GAMBannerViewWrapperTest.swift */,
				344A7F0D250B749600743A93 /* GAMRequestWrapperTest.swift */,
				344A7F13250B823F00743A93 /* GAMInterstitialAdWrapperTest.swift */,
				344A7F19250B8E5400743A93 /* GADRewardedAdWrapperTest.swift */,
				5B7B133E26455C9600EBF42A /* GADCustomNativeAdWrapperTest.swift */,
				5B7B134B26455E5400EBF42A /* GADNativeAdWrapperTest.swift */,
			);
			path = BoxTests;
			sourceTree = "<group>";
		};
		344A7F07250B73BA00743A93 /* TestModels */ = {
			isa = PBXGroup;
			children = (
				344A7F08250B73FA00743A93 /* PropertyTestModels.swift */,
			);
			path = TestModels;
			sourceTree = "<group>";
		};
		344A7F0A250B743900743A93 /* Extensions */ = {
			isa = PBXGroup;
			children = (
				344A7F0B250B744D00743A93 /* GADAdSize+Equatable.swift */,
			);
			path = Extensions;
			sourceTree = "<group>";
		};
		34B64D4224F7D95800FDD9F4 = {
			isa = PBXGroup;
			children = (
				3386E5027DFDA876BC9AC49B /* Frameworks */,
				C9E3CE99A87F745FB5BFAA17 /* Pods */,
				92F4389727688E8600FDC950 /* PrebidMobileAdMobAdapters */,
				92F438A127688E8600FDC950 /* PrebidMobileAdMobAdaptersTests */,
				34B64D5D24F7E41600FDD9F4 /* PrebidMobileGAMEventHandlers */,
				3405F946250A555800268A77 /* PrebidMobileGAMEventHandlersTests */,
				92C1345C27FC6B4900F96387 /* PrebidMobileMAXAdapters */,
				533101B72811478A00D95B5C /* PrebidMobileMAXAdaptersTests */,
				34B64D4D24F7D95800FDD9F4 /* Products */,
			);
			sourceTree = "<group>";
		};
		34B64D4D24F7D95800FDD9F4 /* Products */ = {
			isa = PBXGroup;
			children = (
			);
			name = Products;
			sourceTree = "<group>";
		};
		34B64D5D24F7E41600FDD9F4 /* PrebidMobileGAMEventHandlers */ = {
			isa = PBXGroup;
			children = (
				34B64D6D24F7E54700FDD9F4 /* Sources */,
				34B64D5F24F7E41600FDD9F4 /* Info.plist */,
			);
			path = PrebidMobileGAMEventHandlers;
			sourceTree = "<group>";
		};
		34B64D6D24F7E54700FDD9F4 /* Sources */ = {
			isa = PBXGroup;
			children = (
				5B69677F2642A56A0042372E /* PrebidMobileGAMEventHandlers.h */,
				34C7C9E8250901410021C6D0 /* Boxes */,
				5B36172526370A8700AFA1C2 /* GAMUtils.swift */,
				5B3617FB2638131A00AFA1C2 /* Constants.swift */,
				5B36182226384C7D00AFA1C2 /* GAMRewardedEventHandler.swift */,
				5BF8E6B6263AC32800341EE4 /* GAMInterstitialEventHandler.swift */,
				5BF8E76D263BF4DF00341EE4 /* GAMBannerEventHandler.swift */,
				5B69676F2642993B0042372E /* GAMEventHandlerError.swift */,
			);
			path = Sources;
			sourceTree = "<group>";
		};
		34C7C9E8250901410021C6D0 /* Boxes */ = {
			isa = PBXGroup;
			children = (
				5BF8E6C1263AE1B400341EE4 /* GAMInterstitialAdWrapper.swift */,
				5BF8E65A26396DB900341EE4 /* GADRewardedAdWrapper.swift */,
				5BF8E778263C291300341EE4 /* GAMBannerViewWrapper.swift */,
				5BF8E780263C363800341EE4 /* GAMRequestWrapper.swift */,
				5BF8E788263C3B4000341EE4 /* GADNativeAdWrapper.swift */,
				5BF8E790263C400F00341EE4 /* GADCustomNativeAdWrapper.swift */,
			);
			path = Boxes;
			sourceTree = "<group>";
		};
		533101B72811478A00D95B5C /* PrebidMobileMAXAdaptersTests */ = {
			isa = PBXGroup;
			children = (
			);
			path = PrebidMobileMAXAdaptersTests;
			sourceTree = "<group>";
		};
		927ADB28280583AF006EB8D5 /* Sources */ = {
			isa = PBXGroup;
			children = (
				924530882800B86B006AB6AF /* MAXAdaptersError.swift */,
				9289873B280028570062BFAA /* MAXConstants.swift */,
				924530842800A948006AB6AF /* MAXMediationBannerUtils.swift */,
				92221CE22804B113005DF671 /* MAXMediationInterstitialUtils.swift */,
				9298652A280601F8007A2F34 /* MAXMediationNativeUtils.swift */,
				92221CE62804BC0B005DF671 /* MAXMediationRewardedlUtils.swift */,
				92986528280598F8007A2F34 /* MAXUtils.swift */,
				9298652628058F9B007A2F34 /* PrebidMAUnifiedNativeAd.swift */,
				929D2638280450D300C61E8D /* PrebidMAXMediationAdapter.swift */,
				9245308A2800C34D006AB6AF /* PrebidMAXMediationAdapter+MAAdViewAdapter.swift */,
				92221CDC2804A0C3005DF671 /* PrebidMAXMediationAdapter+MAInterstitialAdapter+MARewardedAdapter.swift */,
				9298652228058B7A007A2F34 /* PrebidMAXMediationAdapter+MANativeAdAdapter.swift */,
			);
			path = Sources;
			sourceTree = "<group>";
		};
		927ADB29280583C2006EB8D5 /* Sources */ = {
			isa = PBXGroup;
			children = (
				92E924FE276A193E002B57F3 /* AdMobAdaptersError.swift */,
				9267B3FF276FCF9300F1ADF1 /* AdMobConstants.swift */,
				92E924FC276A0FD8002B57F3 /* AdMobMediationBannerUtils.swift */,
				926CBF1D278C8ADC00E07BF2 /* AdMobMediationInterstitialUtils.swift */,
				92C7A868279AAEF1000D31CB /* AdMobMediationNativeUtils.swift */,
				92C474EC2795B57E00C26E27 /* AdMobMediationRewardedUtils.swift */,
				92A2380C27731B48000157AA /* AdMobUtils.swift */,
				92E924FA2769ED96002B57F3 /* PrebidAdMobBannerAdapter.swift */,
				926CBF1B278C837800E07BF2 /* PrebidAdMobInterstitialAdapter.swift */,
				92C474F42795E1A600C26E27 /* PrebidAdMobMediationBaseAdapter.swift */,
				92EB6DE42799FB4700470DEC /* PrebidAdMobNativeAdapter.swift */,
				92DDA43B278EE8EC0035F03E /* PrebidAdMobRewardedVideoAdapter.swift */,
				92C7A866279A81EA000D31CB /* PrebidMediatedUnifiedNativeAd.swift */,
				92C474F82795ECDF00C26E27 /* PrebidAdMobEventExtras.swift */,
				9285B46527AAC5B1009BD3D3 /* PrebidAdMobVideoInterstitialAdapter.swift */,
			);
			path = Sources;
			sourceTree = "<group>";
		};
		92C1345C27FC6B4900F96387 /* PrebidMobileMAXAdapters */ = {
			isa = PBXGroup;
			children = (
				927ADB28280583AF006EB8D5 /* Sources */,
				92C1345D27FC6B4900F96387 /* PrebidMobileMAXAdapters.h */,
			);
			path = PrebidMobileMAXAdapters;
			sourceTree = "<group>";
		};
		92F4389727688E8600FDC950 /* PrebidMobileAdMobAdapters */ = {
			isa = PBXGroup;
			children = (
				927ADB29280583C2006EB8D5 /* Sources */,
				92F4389827688E8600FDC950 /* PrebidMobileAdMobAdapters.h */,
			);
			path = PrebidMobileAdMobAdapters;
			sourceTree = "<group>";
		};
		92F438A127688E8600FDC950 /* PrebidMobileAdMobAdaptersTests */ = {
			isa = PBXGroup;
			children = (
				928310072775FF7500D28142 /* PrebidMobileAdMobAdaptersTests-Bridging-Header.h */,
				9281F68427A82C38004F18EC /* AdMobMediationUtilsTest.swift */,
			);
			path = PrebidMobileAdMobAdaptersTests;
			sourceTree = "<group>";
		};
		C9E3CE99A87F745FB5BFAA17 /* Pods */ = {
			isa = PBXGroup;
			children = (
				914C447D75BBE960CE43225D /* Pods-PrebidMobileGAMEventHandlers.debug.xcconfig */,
				F06F98153B4FCC7F187B0A60 /* Pods-PrebidMobileGAMEventHandlers.release.xcconfig */,
				D1B77165045D380B64491D0E /* Pods-PrebidMobileGAMEventHandlersTests.debug.xcconfig */,
				9258904A9C1DF637C07F290B /* Pods-PrebidMobileGAMEventHandlersTests.release.xcconfig */,
				553848D2FE06B31317288F97 /* Pods-PrebidMobileMoPubAdapters.debug.xcconfig */,
				C5B3E8B0B44D8679109E1641 /* Pods-PrebidMobileMoPubAdapters.release.xcconfig */,
				1CBDEDF7561DCC25D37722F5 /* Pods-PrebidMobileMoPubAdaptersTests.debug.xcconfig */,
				0380A405FEB3840C25F9898F /* Pods-PrebidMobileMoPubAdaptersTests.release.xcconfig */,
				9E2E8204E1C52CBA0D87C56C /* Pods-PrebidMobileAdMobAdapters.debug.xcconfig */,
				42CE6323AC67980202BFDE74 /* Pods-PrebidMobileAdMobAdapters.release.xcconfig */,
				F7F666DB80A4C4141B6F1270 /* Pods-PrebidMobileAdMobAdaptersTests.debug.xcconfig */,
				9D58C5231BEDC27162AC3816 /* Pods-PrebidMobileAdMobAdaptersTests.release.xcconfig */,
				329DD8224E4EC5A00AEA10F7 /* Pods-PrebidMobileMAXAdapters.debug.xcconfig */,
				58B193FE14C1F3D7E795F7AC /* Pods-PrebidMobileMAXAdapters.release.xcconfig */,
				237DEA65BB4F321230D3A510 /* Pods-PrebidMobileMAXAdaptersTests.debug.xcconfig */,
				8E4C768ECDDB294B3CC3CF48 /* Pods-PrebidMobileMAXAdaptersTests.release.xcconfig */,
			);
			name = Pods;
			path = ../Pods;
			sourceTree = "<group>";
		};
/* End PBXGroup section */

/* Begin PBXProject section */
		34B64D4324F7D95800FDD9F4 /* Project object */ = {
			isa = PBXProject;
			attributes = {
				LastSwiftUpdateCheck = 1330;
				LastUpgradeCheck = 1210;
				ORGANIZATIONNAME = Prebid;
			};
			buildConfigurationList = 34B64D4624F7D95800FDD9F4 /* Build configuration list for PBXProject "EventHandlers" */;
			compatibilityVersion = "Xcode 9.3";
			developmentRegion = en;
			hasScannedForEncodings = 0;
			knownRegions = (
				en,
				Base,
			);
			mainGroup = 34B64D4224F7D95800FDD9F4;
			productRefGroup = 34B64D4D24F7D95800FDD9F4 /* Products */;
			projectDirPath = "";
			projectRoot = "";
			targets = (
			);
		};
/* End PBXProject section */

/* Begin XCBuildConfiguration section */
		34B64D5224F7D95800FDD9F4 /* Debug */ = {
			isa = XCBuildConfiguration;
			buildSettings = {
				ALWAYS_SEARCH_USER_PATHS = NO;
				CLANG_ANALYZER_NONNULL = YES;
				CLANG_ANALYZER_NUMBER_OBJECT_CONVERSION = YES_AGGRESSIVE;
				CLANG_CXX_LANGUAGE_STANDARD = "gnu++14";
				CLANG_CXX_LIBRARY = "libc++";
				CLANG_ENABLE_MODULES = YES;
				CLANG_ENABLE_OBJC_ARC = YES;
				CLANG_ENABLE_OBJC_WEAK = YES;
				CLANG_WARN_BLOCK_CAPTURE_AUTORELEASING = YES;
				CLANG_WARN_BOOL_CONVERSION = YES;
				CLANG_WARN_COMMA = YES;
				CLANG_WARN_CONSTANT_CONVERSION = YES;
				CLANG_WARN_DEPRECATED_OBJC_IMPLEMENTATIONS = YES;
				CLANG_WARN_DIRECT_OBJC_ISA_USAGE = YES_ERROR;
				CLANG_WARN_DOCUMENTATION_COMMENTS = YES;
				CLANG_WARN_EMPTY_BODY = YES;
				CLANG_WARN_ENUM_CONVERSION = YES;
				CLANG_WARN_INFINITE_RECURSION = YES;
				CLANG_WARN_INT_CONVERSION = YES;
				CLANG_WARN_NON_LITERAL_NULL_CONVERSION = YES;
				CLANG_WARN_OBJC_IMPLICIT_RETAIN_SELF = YES;
				CLANG_WARN_OBJC_LITERAL_CONVERSION = YES;
				CLANG_WARN_OBJC_ROOT_CLASS = YES_ERROR;
				CLANG_WARN_QUOTED_INCLUDE_IN_FRAMEWORK_HEADER = YES;
				CLANG_WARN_RANGE_LOOP_ANALYSIS = YES;
				CLANG_WARN_STRICT_PROTOTYPES = YES;
				CLANG_WARN_SUSPICIOUS_MOVE = YES;
				CLANG_WARN_UNGUARDED_AVAILABILITY = YES_AGGRESSIVE;
				CLANG_WARN_UNREACHABLE_CODE = YES;
				CLANG_WARN__DUPLICATE_METHOD_MATCH = YES;
				COPY_PHASE_STRIP = NO;
				CURRENT_PROJECT_VERSION = 1;
				DEBUG_INFORMATION_FORMAT = dwarf;
				DEFINES_MODULE = YES;
				ENABLE_STRICT_OBJC_MSGSEND = YES;
				ENABLE_TESTABILITY = YES;
				GCC_C_LANGUAGE_STANDARD = gnu11;
				GCC_DYNAMIC_NO_PIC = NO;
				GCC_NO_COMMON_BLOCKS = YES;
				GCC_OPTIMIZATION_LEVEL = 0;
				GCC_PREPROCESSOR_DEFINITIONS = (
					"DEBUG=1",
					"$(inherited)",
				);
				GCC_WARN_64_TO_32_BIT_CONVERSION = YES;
				GCC_WARN_ABOUT_RETURN_TYPE = YES_ERROR;
				GCC_WARN_UNDECLARED_SELECTOR = YES;
				GCC_WARN_UNINITIALIZED_AUTOS = YES_AGGRESSIVE;
				GCC_WARN_UNUSED_FUNCTION = YES;
				GCC_WARN_UNUSED_VARIABLE = YES;
				IPHONEOS_DEPLOYMENT_TARGET = 10.0;
				MTL_ENABLE_DEBUG_INFO = INCLUDE_SOURCE;
				MTL_FAST_MATH = YES;
				ONLY_ACTIVE_ARCH = YES;
				SDKROOT = iphoneos;
				VERSIONING_SYSTEM = "apple-generic";
				VERSION_INFO_PREFIX = "";
			};
			name = Debug;
		};
		34B64D5324F7D95800FDD9F4 /* Release */ = {
			isa = XCBuildConfiguration;
			buildSettings = {
				ALWAYS_SEARCH_USER_PATHS = NO;
				CLANG_ANALYZER_NONNULL = YES;
				CLANG_ANALYZER_NUMBER_OBJECT_CONVERSION = YES_AGGRESSIVE;
				CLANG_CXX_LANGUAGE_STANDARD = "gnu++14";
				CLANG_CXX_LIBRARY = "libc++";
				CLANG_ENABLE_MODULES = YES;
				CLANG_ENABLE_OBJC_ARC = YES;
				CLANG_ENABLE_OBJC_WEAK = YES;
				CLANG_WARN_BLOCK_CAPTURE_AUTORELEASING = YES;
				CLANG_WARN_BOOL_CONVERSION = YES;
				CLANG_WARN_COMMA = YES;
				CLANG_WARN_CONSTANT_CONVERSION = YES;
				CLANG_WARN_DEPRECATED_OBJC_IMPLEMENTATIONS = YES;
				CLANG_WARN_DIRECT_OBJC_ISA_USAGE = YES_ERROR;
				CLANG_WARN_DOCUMENTATION_COMMENTS = YES;
				CLANG_WARN_EMPTY_BODY = YES;
				CLANG_WARN_ENUM_CONVERSION = YES;
				CLANG_WARN_INFINITE_RECURSION = YES;
				CLANG_WARN_INT_CONVERSION = YES;
				CLANG_WARN_NON_LITERAL_NULL_CONVERSION = YES;
				CLANG_WARN_OBJC_IMPLICIT_RETAIN_SELF = YES;
				CLANG_WARN_OBJC_LITERAL_CONVERSION = YES;
				CLANG_WARN_OBJC_ROOT_CLASS = YES_ERROR;
				CLANG_WARN_QUOTED_INCLUDE_IN_FRAMEWORK_HEADER = YES;
				CLANG_WARN_RANGE_LOOP_ANALYSIS = YES;
				CLANG_WARN_STRICT_PROTOTYPES = YES;
				CLANG_WARN_SUSPICIOUS_MOVE = YES;
				CLANG_WARN_UNGUARDED_AVAILABILITY = YES_AGGRESSIVE;
				CLANG_WARN_UNREACHABLE_CODE = YES;
				CLANG_WARN__DUPLICATE_METHOD_MATCH = YES;
				COPY_PHASE_STRIP = NO;
				CURRENT_PROJECT_VERSION = 1;
				DEBUG_INFORMATION_FORMAT = "dwarf-with-dsym";
				DEFINES_MODULE = YES;
				ENABLE_NS_ASSERTIONS = NO;
				ENABLE_STRICT_OBJC_MSGSEND = YES;
				GCC_C_LANGUAGE_STANDARD = gnu11;
				GCC_NO_COMMON_BLOCKS = YES;
				GCC_WARN_64_TO_32_BIT_CONVERSION = YES;
				GCC_WARN_ABOUT_RETURN_TYPE = YES_ERROR;
				GCC_WARN_UNDECLARED_SELECTOR = YES;
				GCC_WARN_UNINITIALIZED_AUTOS = YES_AGGRESSIVE;
				GCC_WARN_UNUSED_FUNCTION = YES;
				GCC_WARN_UNUSED_VARIABLE = YES;
				IPHONEOS_DEPLOYMENT_TARGET = 10.0;
				MTL_ENABLE_DEBUG_INFO = NO;
				MTL_FAST_MATH = YES;
				SDKROOT = iphoneos;
				SWIFT_COMPILATION_MODE = wholemodule;
				VALIDATE_PRODUCT = YES;
				VERSIONING_SYSTEM = "apple-generic";
				VERSION_INFO_PREFIX = "";
			};
			name = Release;
		};
/* End XCBuildConfiguration section */

/* Begin XCConfigurationList section */
		34B64D4624F7D95800FDD9F4 /* Build configuration list for PBXProject "EventHandlers" */ = {
			isa = XCConfigurationList;
			buildConfigurations = (
				34B64D5224F7D95800FDD9F4 /* Debug */,
				34B64D5324F7D95800FDD9F4 /* Release */,
			);
			defaultConfigurationIsVisible = 0;
			defaultConfigurationName = Release;
		};
/* End XCConfigurationList section */
	};
	rootObject = 34B64D4324F7D95800FDD9F4 /* Project object */;
}
