{
  "object": {
    "pins": [
      {
        "package": "PrebidMobile",
        "repositoryURL": "/Users/alex/Desktop/GL/RubiconProject/Prebid/ios/SDKPrebid/contributing.0/prebid-mobile-ios/",
        "state": {
          "branch": "feature/rearch_modularization",
          "revision": "3e282524179d21a90bcfc7bf0fe12e8aa57e8b20",
          "version": null
        }
      }
    ]
  },
  "version": 1
}
